github.com/alecthomas/assert/v2 v2.11.0 h1:2Q9r3ki8+JYXvGsDyBXwH3LcJ+WK5D0gc5E8vS6K3D0=
github.com/alecthomas/assert/v2 v2.11.0/go.mod h1:Bze95FyfUr7x34QZrjL+XP+0qgp/zg8yS+TtBj1WA3k=
github.com/alecthomas/participle/v2 v2.1.4 h1:W/H79S8Sat/krZ3el6sQMvMaahJ+XcM9WSI2naI7w2U=
github.com/alecthomas/participle/v2 v2.1.4/go.mod h1:8tqVbpTX20Ru4NfYQgZf4mP18eXPTBViyMWiArNEgGI=
github.com/alecthomas/repr v0.4.0 h1:GhI2A8MACjfegCPVq9f1FLvIBS+DrQ2KQBFZP1iFzXc=
github.com/alecthomas/repr v0.4.0/go.mod h1:Fr0507jx4eOXV7AlPV6AVZLYrLIuIeSOWtW57eE/O/4=
github.com/antchfx/xmlquery v1.4.4 h1:mxMEkdYP3pjKSftxss4nUHfjBhnMk4imGoR96FRY2dg=
github.com/antchfx/xmlquery v1.4.4/go.mod h1:AEPEEPYE9GnA2mj5Ur2L5Q5/2PycJ0N9Fusrx9b12fc=
github.com/antchfx/xpath v1.3.3/go.mod h1:i54GszH55fYfBmoZXapTHN8T8tkcHfRgLyVwwqzXNcs=
github.com/antchfx/xpath v1.3.4 h1:1ixrW1VnXd4HurCj7qnqnR0jo14g8JMe20Fshg1Vgz4=
github.com/antchfx/xpath v1.3.4/go.mod h1:i54GszH55fYfBmoZXapTHN8T8tkcHfRgLyVwwqzXNcs=
github.com/cenkalti/backoff/v5 v5.0.2 h1:rIfFVxEf1QsI7E1ZHfp/B4DF/6QBAUhmgkxc0H7Zss8=
github.com/cenkalti/backoff/v5 v5.0.2/go.mod h1:rkhZdG3JZukswDf7f0cwqPNk4K0sa+F97BxZthm/crw=
github.com/davecgh/go-spew v1.1.0/go.mod h1:J7Y8YcW2NihsgmVo/mv3lAwl/skON4iLHjSsI+c5H38=
github.com/davecgh/go-spew v1.1.1 h1:vj9j/u1bqnvCEfJOwUhtlOARqs3+rkHYY13jYWTU97c=
github.com/davecgh/go-spew v1.1.1/go.mod h1:J7Y8YcW2NihsgmVo/mv3lAwl/skON4iLHjSsI+c5H38=
github.com/elastic/go-grok v0.3.1 h1:WEhUxe2KrwycMnlvMimJXvzRa7DoByJB4PVUIE1ZD/U=
github.com/elastic/go-grok v0.3.1/go.mod h1:n38ls8ZgOboZRgKcjMY8eFeZFMmcL9n2lP0iHhIDk64=
github.com/elastic/lunes v0.1.0 h1:amRtLPjwkWtzDF/RKzcEPMvSsSseLDLW+bnhfNSLRe4=
github.com/elastic/lunes v0.1.0/go.mod h1:xGphYIt3XdZRtyWosHQTErsQTd4OP1p9wsbVoHelrd4=
github.com/foxboron/go-tpm-keyfiles v0.0.0-20250323135004-b31fac66206e h1:2jjYsGgM13xId2Ku+UGDQTO5It50LhT6lljiVJvBj1Y=
github.com/foxboron/go-tpm-keyfiles v0.0.0-20250323135004-b31fac66206e/go.mod h1:uAyTlAUxchYuiFjTHmuIEJ4nGSm7iOPaGcAyA81fJ80=
github.com/foxboron/swtpm_test v0.0.0-20230726224112-46aaafdf7006 h1:50sW4r0PcvlpG4PV8tYh2RVCapszJgaOLRCS2subvV4=
github.com/foxboron/swtpm_test v0.0.0-20230726224112-46aaafdf7006/go.mod h1:eIXCMsMYCaqq9m1KSSxXwQG11krpuNPGP3k0uaWrbas=
github.com/fsnotify/fsnotify v1.9.0 h1:2Ml+OJNzbYCTzsxtv8vKSFD9PbJjmhYF14k/jKC7S9k=
github.com/fsnotify/fsnotify v1.9.0/go.mod h1:8jBTzvmWwFyi3Pb8djgCCO5IBqzKJ/Jwo8TRcHyHii0=
github.com/go-logr/logr v1.2.2/go.mod h1:jdQByPbusPIv2/zmleS9BjJVeZ6kBagPoEUsqbVz/1A=
github.com/go-logr/logr v1.4.2 h1:6pFjapn8bFcIbiKo3XT4j/BhANplGihG6tvd+8rYgrY=
github.com/go-logr/logr v1.4.2/go.mod h1:9T104GzyrTigFIr8wt5mBrctHMim0Nb2HLGrmQ40KvY=
github.com/go-logr/stdr v1.2.2 h1:hSWxHoqTgW2S2qGc0LTAI563KZ5YKYRhT3MFKZMbjag=
github.com/go-logr/stdr v1.2.2/go.mod h1:mMo/vtBO5dYbehREoey6XUKy/eSumjCCveDpRre4VKE=
github.com/go-viper/mapstructure/v2 v2.2.1 h1:ZAaOCxANMuZx5RCeg0mBdEZk7DZasvvZIxtHqx8aGss=
github.com/go-viper/mapstructure/v2 v2.2.1/go.mod h1:oJDH3BJKyqBA2TXFhDsKDGDTlndYOZ6rGS0BRZIxGhM=
github.com/gobwas/glob v0.2.3 h1:A4xDbljILXROh+kObIiy5kIaPYD8e96x1tgBhUI5J+Y=
github.com/gobwas/glob v0.2.3/go.mod h1:d3Ez4x06l9bZtSvzIay5+Yzi0fmZzPgnTbPcKjJAkT8=
github.com/goccy/go-json v0.10.5 h1:Fq85nIqj+gXn/S5ahsiTlK3TmC85qgirsdTP/+DeaC4=
github.com/goccy/go-json v0.10.5/go.mod h1:oq7eo15ShAhp70Anwd5lgX2pLfOS3QCiwU/PULtXL6M=
github.com/gogo/protobuf v1.3.2 h1:Ov1cvc58UF3b5XjBnZv7+opcTcQFZebYjWzi34vdm4Q=
github.com/gogo/protobuf v1.3.2/go.mod h1:P1XiOD3dCwIKUDQYPy72D8LYyHL2YPYrpS2s69NZV8Q=
github.com/golang/groupcache v0.0.0-20210331224755-41bb18bfe9da h1:oI5xCqsCo564l8iNU+DwB5epxmsaqB+rhGL0m5jtYqE=
github.com/golang/groupcache v0.0.0-20210331224755-41bb18bfe9da/go.mod h1:cIg4eruTrX1D+g88fzRXU5OdNfaM+9IcxsU14FzY7Hc=
github.com/golang/protobuf v1.5.4 h1:i7eJL8qZTpSEXOPTxNKhASYpMn+8e5Q6AdndVa1dWek=
github.com/golang/protobuf v1.5.4/go.mod h1:lnTiLA8Wa4RWRcIUkrtSVa5nRhsEGBg48fD6rSs7xps=
github.com/golang/snappy v0.0.4 h1:yAGX7huGHXlcLOEtBnF4w7FQwA26wojNCwOYAEhLjQM=
github.com/golang/snappy v0.0.4/go.mod h1:/XxbfmMg8lxefKM7IXC3fBNl/7bRcc72aCRzEWrmP2Q=
github.com/google/go-cmp v0.5.9/go.mod h1:17dUlkBOakJ0+DkrSSNjCkIjxS6bF9zb3elmeNGIjoY=
github.com/google/go-cmp v0.6.0/go.mod h1:17dUlkBOakJ0+DkrSSNjCkIjxS6bF9zb3elmeNGIjoY=
github.com/google/go-cmp v0.7.0 h1:wk8382ETsv4JYUZwIsn6YpYiWiBsYLSJiTsyBybVuN8=
github.com/google/go-cmp v0.7.0/go.mod h1:pXiqmnSA92OHEEa9HXL2W4E7lf9JzCmGVUdgjX3N/iU=
github.com/google/go-tpm v0.9.5 h1:ocUmnDebX54dnW+MQWGQRbdaAcJELsa6PqZhJ48KwVU=
github.com/google/go-tpm v0.9.5/go.mod h1:h9jEsEECg7gtLis0upRBQU+GhYVH6jMjrFxI8u6bVUY=
github.com/google/go-tpm-tools v0.4.4 h1:oiQfAIkc6xTy9Fl5NKTeTJkBTlXdHsxAofmQyxBKY98=
github.com/google/go-tpm-tools v0.4.4/go.mod h1:T8jXkp2s+eltnCDIsXR84/MTcVU9Ja7bh3Mit0pa4AY=
github.com/google/gofuzz v1.0.0/go.mod h1:dBl0BpW6vV/+mYPU4Po3pmUjxk6FQPldtuIdl/M65Eg=
github.com/google/uuid v1.6.0 h1:NIvaJDMOsjHA8n1jAhLSgzrAzy1Hgr+hNrb57e+94F0=
github.com/google/uuid v1.6.0/go.mod h1:TIyPZe4MgqvfeYDBFedMoGGpEw/LqOeaOT+nhxU+yHo=
github.com/hashicorp/go-version v1.7.0 h1:5tqGy27NaOTB8yJKUZELlFAS/LTKJkrmONwQKeRZfjY=
github.com/hashicorp/go-version v1.7.0/go.mod h1:fltr4n8CU8Ke44wwGCBoEymUuxUHl09ZGVZPK5anwXA=
github.com/hashicorp/golang-lru v0.5.4 h1:YDjusn29QI/Das2iO9M0BHnIbxPeyuCHsjMW+lJfyTc=
github.com/hashicorp/golang-lru v0.5.4/go.mod h1:iADmTwqILo4mZ8BN3D2Q6+9jd8WM5uGBxy+E8yxSoD4=
github.com/hexops/gotextdiff v1.0.3 h1:gitA9+qJrrTCsiCl7+kh75nPqQt1cx4ZkudSTLoUqJM=
github.com/hexops/gotextdiff v1.0.3/go.mod h1:pSWU5MAI3yDq+fZBTazCSJysOMbxWL1BSow5/V2vxeg=
github.com/iancoleman/strcase v0.3.0 h1:nTXanmYxhfFAMjZL34Ov6gkzEsSJZ5DbhxWjvSASxEI=
github.com/iancoleman/strcase v0.3.0/go.mod h1:iwCmte+B7n89clKwxIoIXy/HfoL7AsD47ZCWhYzw7ho=
github.com/json-iterator/go v1.1.12 h1:PV8peI4a0ysnczrg+LtxykD8LfKY9ML6u2jnxaEnrnM=
github.com/json-iterator/go v1.1.12/go.mod h1:e30LSqwooZae/UwlEbR2852Gd8hjQvJoHmT4TnhNGBo=
github.com/kisielk/errcheck v1.5.0/go.mod h1:pFxgyoBC7bSaBwPgfKdkLd5X25qrDl4LWUI2bnpBCr8=
github.com/kisielk/gotool v1.0.0/go.mod h1:XhKaO+MFFWcvkIS/tQcRk01m1F5IRFswLeQ+oQHNcck=
github.com/klauspost/compress v1.17.11 h1:In6xLpyWOi1+C7tXUUWv2ot1QvBjxevKAaI6IXrJmUc=
github.com/klauspost/compress v1.17.11/go.mod h1:pMDklpSncoRMuLFrf1W9Ss9KT+0rH90U12bZKk7uwG0=
github.com/knadh/koanf/maps v0.1.2 h1:RBfmAW5CnZT+PJ1CVc1QSJKf4Xu9kxfQgYVQSu8hpbo=
github.com/knadh/koanf/maps v0.1.2/go.mod h1:npD/QZY3V6ghQDdcQzl1W4ICNVTkohC8E73eI2xW4yI=
github.com/knadh/koanf/providers/confmap v1.0.0 h1:mHKLJTE7iXEys6deO5p6olAiZdG5zwp8Aebir+/EaRE=
github.com/knadh/koanf/providers/confmap v1.0.0/go.mod h1:txHYHiI2hAtF0/0sCmcuol4IDcuQbKTybiB1nOcUo1A=
github.com/knadh/koanf/v2 v2.2.0 h1:FZFwd9bUjpb8DyCWARUBy5ovuhDs1lI87dOEn2K8UVU=
github.com/knadh/koanf/v2 v2.2.0/go.mod h1:PSFru3ufQgTsI7IF+95rf9s8XA1+aHxKuO/W+dPoHEY=
github.com/kr/pretty v0.3.1 h1:flRD4NNwYAUpkphVc1HcthR4KEIFJ65n8Mw5qdRn3LE=
github.com/kr/pretty v0.3.1/go.mod h1:hoEshYVHaxMs3cyo3Yncou5ZscifuDolrwPKZanG3xk=
github.com/kr/text v0.2.0 h1:5Nx0Ya0ZqY2ygV366QzturHI13Jq95ApcVaJBhpS+AY=
github.com/kr/text v0.2.0/go.mod h1:eLer722TekiGuMkidMxC/pM04lWEeraHUUmBw8l2grE=
github.com/magefile/mage v1.15.0 h1:BvGheCMAsG3bWUDbZ8AyXXpCNwU9u5CB6sM+HNb9HYg=
github.com/magefile/mage v1.15.0/go.mod h1:z5UZb/iS3GoOSn0JgWuiw7dxlurVYTu+/jHXqQg881A=
github.com/mitchellh/copystructure v1.2.0 h1:vpKXTN4ewci03Vljg/q9QvCGUDttBOGBIa15WveJJGw=
github.com/mitchellh/copystructure v1.2.0/go.mod h1:qLl+cE2AmVv+CoeAwDPye/v+N2HKCj9FbZEVFJRxO9s=
github.com/mitchellh/reflectwalk v1.0.2 h1:G2LzWKi524PWgd3mLHV8Y5k7s6XUvT0Gef6zxSIeXaQ=
github.com/mitchellh/reflectwalk v1.0.2/go.mod h1:mSTlrgnPZtwu0c4WaC2kGObEpuNDbx0jmZXqmk4esnw=
github.com/modern-go/concurrent v0.0.0-20180228061459-e0a39a4cb421/go.mod h1:6dJC0mAP4ikYIbvyc7fijjWJddQyLn8Ig3JB5CqoB9Q=
github.com/modern-go/concurrent v0.0.0-20180306012644-bacd9c7ef1dd h1:TRLaZ9cD/w8PVh93nsPXa1VrQ6jlwL5oN8l14QlcNfg=
github.com/modern-go/concurrent v0.0.0-20180306012644-bacd9c7ef1dd/go.mod h1:6dJC0mAP4ikYIbvyc7fijjWJddQyLn8Ig3JB5CqoB9Q=
github.com/modern-go/reflect2 v1.0.2 h1:xBagoLtFs94CBntxluKeaWgTMpvLxC4ur3nMaC9Gz0M=
github.com/modern-go/reflect2 v1.0.2/go.mod h1:yWuevngMOJpCy52FWWMvUC8ws7m/LJsjYzDa0/r8luk=
github.com/mostynb/go-grpc-compression v1.2.3 h1:42/BKWMy0KEJGSdWvzqIyOZ95YcR9mLPqKctH7Uo//I=
github.com/mostynb/go-grpc-compression v1.2.3/go.mod h1:AghIxF3P57umzqM9yz795+y1Vjs47Km/Y2FE6ouQ7Lg=
github.com/pmezard/go-difflib v1.0.0 h1:4DBwDE0NGyQoBHbLQYPwSUPoCMWR5BEzIk/f1lZbAQM=
github.com/pmezard/go-difflib v1.0.0/go.mod h1:iKH77koFhYxTK1pcRnkKkqfTogsbg7gZNVY4sRDYZ/4=
github.com/rogpeppe/go-internal v1.13.1 h1:KvO1DLK/DRN07sQ1LQKScxyZJuNnedQ5/wKSR38lUII=
github.com/rogpeppe/go-internal v1.13.1/go.mod h1:uMEvuHeurkdAXX61udpOXGD/AzZDWNMNyH2VO9fmH0o=
github.com/stretchr/objx v0.1.0/go.mod h1:HFkY916IF+rwdDfMAkV7OtwuqBVzrE8GR6GFx+wExME=
github.com/stretchr/testify v1.3.0/go.mod h1:M5WIy9Dh21IEIfnGCwXGc5bZfKNJtfHm1UVUgZn+9EI=
github.com/stretchr/testify v1.10.0 h1:Xv5erBjTwe/5IxqUQTdXv5kgmIvbHo3QQyRwhJsOfJA=
github.com/stretchr/testify v1.10.0/go.mod h1:r2ic/lqez/lEtzL7wO/rwa5dbSLXVDPFyf8C91i36aY=
github.com/twmb/murmur3 v1.1.8 h1:8Yt9taO/WN3l08xErzjeschgZU2QSrwm1kclYq+0aRg=
github.com/twmb/murmur3 v1.1.8/go.mod h1:Qq/R7NUyOfr65zD+6Q5IHKsJLwP7exErjN6lyyq3OSQ=
github.com/ua-parser/uap-go v0.0.0-20240611065828-3a4781585db6 h1:SIKIoA4e/5Y9ZOl0DCe3eVMLPOQzJxgZpfdHHeauNTM=
github.com/ua-parser/uap-go v0.0.0-20240611065828-3a4781585db6/go.mod h1:BUbeWZiieNxAuuADTBNb3/aeje6on3DhU3rpWsQSB1E=
github.com/yuin/goldmark v1.1.27/go.mod h1:3hX8gzYuyVAZsxl0MRgGTJEmQBFcNTphYh9decYSb74=
github.com/yuin/goldmark v1.2.1/go.mod h1:3hX8gzYuyVAZsxl0MRgGTJEmQBFcNTphYh9decYSb74=
github.com/yuin/goldmark v1.4.13/go.mod h1:6yULJ656Px+3vBD8DxQVa3kxgyrAnzto9xy5taEt/CY=
go.opentelemetry.io/auto/sdk v1.1.0 h1:cH53jehLUN6UFLY71z+NDOiNJqDdPRaXzTel0sJySYA=
go.opentelemetry.io/auto/sdk v1.1.0/go.mod h1:3wSPjt5PWp2RhlCcmmOial7AvC4DQqZb7a7wCow3W8A=
go.opentelemetry.io/collector v0.126.1-0.20250523042642-a867641d12bd h1:t5VfFQYCsi2GiQYRTEOOqsZ/6uQF3SOJTs6BJLD/RHA=
go.opentelemetry.io/collector v0.126.1-0.20250523042642-a867641d12bd/go.mod h1:wtiUNv3pd9r104JaFq1IlGrKdD5ExNkjPcfST8+rgxM=
go.opentelemetry.io/collector/client v1.32.1-0.20250523042642-a867641d12bd h1:DXy3UD19TDEHB5ZSwzCOgfvL+PSoN3qMgr8zr5jRzWU=
go.opentelemetry.io/collector/client v1.32.1-0.20250523042642-a867641d12bd/go.mod h1:6v/6DRKERUVES0oWywLLl+ocZd06L+nJScdaFKjVHpg=
go.opentelemetry.io/collector/component v1.32.1-0.20250523042642-a867641d12bd h1:31rl8EuUuB3xeyMGYqbVRKlqwf1QZj29NZCVh6+IdQo=
go.opentelemetry.io/collector/component v1.32.1-0.20250523042642-a867641d12bd/go.mod h1:7+TPDD+v5ieKQ1hXi1jwiVtT33zCQ623s7krs6FwJVk=
go.opentelemetry.io/collector/component/componentstatus v0.126.1-0.20250523042642-a867641d12bd h1:LlSWbFj9piFbLC6k6613A3IUEcX0aSxkkcak4JlfffI=
go.opentelemetry.io/collector/component/componentstatus v0.126.1-0.20250523042642-a867641d12bd/go.mod h1:F8FX38dVV5+ywao/ff2nPR39FX+yYj21oIDwR1o0yOo=
go.opentelemetry.io/collector/component/componenttest v0.126.1-0.20250523042642-a867641d12bd h1:Z4uZ5upvce10HsvGWNK9+Jftjyb7ojzHLYiVG//Bleg=
go.opentelemetry.io/collector/component/componenttest v0.126.1-0.20250523042642-a867641d12bd/go.mod h1:OuTJXKTHWLX80N1ShH3o+f/PsMQZ2+fCjQXpqSTYjDU=
go.opentelemetry.io/collector/config/configauth v0.126.1-0.20250523042642-a867641d12bd h1:92fMPHm2UpbTxJ+2/6x1etp54N6VPp/8DPj2K2sGSBk=
go.opentelemetry.io/collector/config/configauth v0.126.1-0.20250523042642-a867641d12bd/go.mod h1:QJNb9p8uOXz+wwutMpjk2MeQ9QheC3Eb2vWVMaP7qEE=
go.opentelemetry.io/collector/config/configcompression v1.32.1-0.20250523042642-a867641d12bd h1:e5R29K940dIafZgqnm9pjd1CK5Zlw3kyy/XTOIRxprk=
go.opentelemetry.io/collector/config/configcompression v1.32.1-0.20250523042642-a867641d12bd/go.mod h1:QwbNpaOl6Me+wd0EdFuEJg0Cc+WR42HNjJtdq4TwE6w=
go.opentelemetry.io/collector/config/configgrpc v0.126.1-0.20250523042642-a867641d12bd h1:yNTaNgqohJ66TarOnHjVq1RRbk39B02loAzytfoO+f8=
go.opentelemetry.io/collector/config/configgrpc v0.126.1-0.20250523042642-a867641d12bd/go.mod h1:VlcS0fSlXeAGh0zK315pD+yC3dxG+4lToHmWQRIMNpc=
go.opentelemetry.io/collector/config/configmiddleware v0.126.1-0.20250523042642-a867641d12bd h1:b5wJPgTb3uv7I3KLRszqV6a6V3l7se6JbvNY1PEXA5Y=
go.opentelemetry.io/collector/config/configmiddleware v0.126.1-0.20250523042642-a867641d12bd/go.mod h1:BbbrXKi/Z5POzJmeux5uiA1bOHUXca+S26rLp+rQWkE=
go.opentelemetry.io/collector/config/confignet v1.32.1-0.20250523042642-a867641d12bd h1:k82CfBccwG9uDpgEnUvy1SInW6nU0Ih0tCSaUZQO2kI=
go.opentelemetry.io/collector/config/confignet v1.32.1-0.20250523042642-a867641d12bd/go.mod h1:HgpLwdRLzPTwbjpUXR0Wdt6pAHuYzaIr8t4yECKrEvo=
go.opentelemetry.io/collector/config/configopaque v1.32.1-0.20250523042642-a867641d12bd h1:kNybVz+NarzxWWpd+8yLrENg7Kq/SWL9ags0j9hGUFE=
go.opentelemetry.io/collector/config/configopaque v1.32.1-0.20250523042642-a867641d12bd/go.mod h1:rw0/X78O8cOk0dhACqNbdiKk1PF7z7mwq9wgSpWoqgs=
go.opentelemetry.io/collector/config/configretry v1.32.1-0.20250523042642-a867641d12bd h1:bHWgrBWk9wjfSu854ecW9bl520X+PxoIDfyuf9q/KiI=
go.opentelemetry.io/collector/config/configretry v1.32.1-0.20250523042642-a867641d12bd/go.mod h1:QNnb+MCk7aS1k2EuGJMtlNCltzD7b8uC7Xel0Dxm1wQ=
go.opentelemetry.io/collector/config/configtls v1.32.1-0.20250523042642-a867641d12bd h1:KtjMAo6sxHE4H2ZnON/frsfk03PWJWIj56UqoHieX88=
go.opentelemetry.io/collector/config/configtls v1.32.1-0.20250523042642-a867641d12bd/go.mod h1:6OgbTpG7fG6pc1hUkoTe8LvWbLG3wsr0n13h7VP4qbQ=
go.opentelemetry.io/collector/confmap v1.32.1-0.20250523042642-a867641d12bd h1:UBbsPALtNTzDCPf5ODcBOoQAYIzH+bpyK53UG2hotwI=
go.opentelemetry.io/collector/confmap v1.32.1-0.20250523042642-a867641d12bd/go.mod h1:fJC2ZOmFz2nClyhyGRYB92Fl8SMppsnt/7y3AHPlDRY=
go.opentelemetry.io/collector/confmap/xconfmap v0.126.1-0.20250523042642-a867641d12bd h1:yXIdjP2b2/5bWzaA8kUow+KgaXmvxSJGCrzjev8ZqyE=
go.opentelemetry.io/collector/confmap/xconfmap v0.126.1-0.20250523042642-a867641d12bd/go.mod h1:Q6XzD9nt9zdm4Nb+mYc/h8oj846Thp2UxGTLrmUzubc=
go.opentelemetry.io/collector/consumer v1.32.1-0.20250523042642-a867641d12bd h1:cSx4rd8krfanfUzPJU+/4rmbj1xQ/JkXImoWayh/XPk=
go.opentelemetry.io/collector/consumer v1.32.1-0.20250523042642-a867641d12bd/go.mod h1:W2VDjyiFNGWBwpcOeHTICRsBL2UUVwTJprfTcA8Fcqc=
go.opentelemetry.io/collector/consumer/consumererror v0.126.1-0.20250523042642-a867641d12bd h1:mRlXJ2vNKHf+nj91yVfn0qoRqxgOuOIckmGuFYHluSc=
go.opentelemetry.io/collector/consumer/consumererror v0.126.1-0.20250523042642-a867641d12bd/go.mod h1:ifTbU8gei0aTXe5gAV4eGLqCCxOtSOta8LjKB9Mmo+o=
go.opentelemetry.io/collector/consumer/consumererror/xconsumererror v0.126.1-0.20250523042642-a867641d12bd h1:cSBnPcCFdRvlsJPikeGCN9iA5xP01WUV30/czfnBi9Q=
go.opentelemetry.io/collector/consumer/consumererror/xconsumererror v0.126.1-0.20250523042642-a867641d12bd/go.mod h1:QJjHu+qgBGsdC2DJpDbyLNGQpB4PPlB8KVW2kz1plLw=
go.opentelemetry.io/collector/consumer/consumertest v0.126.1-0.20250523042642-a867641d12bd h1:cyFQbh7KKsjh1XcKeO6EuUIdtdYzgWEAD40SvcavmkI=
go.opentelemetry.io/collector/consumer/consumertest v0.126.1-0.20250523042642-a867641d12bd/go.mod h1:G8ntJd6QNmwsVnaJ4EwAuZiussNVIuAVWaCHeSPIkQ8=
go.opentelemetry.io/collector/consumer/xconsumer v0.126.1-0.20250523042642-a867641d12bd h1:6pBvrDSeEMhgtS2OMxDf1cmnZdFvnFOWn5vwLAcNUII=
go.opentelemetry.io/collector/consumer/xconsumer v0.126.1-0.20250523042642-a867641d12bd/go.mod h1:3THsXDVlctJoog915lF4SvD1dX/7rFKRB51S4yhr0Pk=
go.opentelemetry.io/collector/exporter v0.126.1-0.20250523042642-a867641d12bd h1:La1v4zUtzTPM9Kn+s3F4/1234dAcSVmyaw395W0YEQw=
go.opentelemetry.io/collector/exporter v0.126.1-0.20250523042642-a867641d12bd/go.mod h1:Azyd43mkdLIPJxVPkRLg0SPNfEQEsAsqYgQ5fv8Dcn8=
go.opentelemetry.io/collector/exporter/exporterhelper/xexporterhelper v0.126.1-0.20250523042642-a867641d12bd h1:CaJ1pgkInd4SNm/RpukAS09NxIZMZmml/eNZFlYoF3w=
go.opentelemetry.io/collector/exporter/exporterhelper/xexporterhelper v0.126.1-0.20250523042642-a867641d12bd/go.mod h1:cwtm3mJVIADcncpdyyPrl1u6APBri9x3ngNKBodHxHM=
go.opentelemetry.io/collector/exporter/exportertest v0.126.1-0.20250523042642-a867641d12bd h1:SWpSTmZZRtuOvBDK9PsSV4YBhuKkb+3KzlCUKV4/75M=
go.opentelemetry.io/collector/exporter/exportertest v0.126.1-0.20250523042642-a867641d12bd/go.mod h1:rLkGhCT+0HGXZOkxLS2wyV5w4y+pZd0xbKV2MbXh/54=
go.opentelemetry.io/collector/exporter/otlpexporter v0.126.1-0.20250523042642-a867641d12bd h1:0qy9Z3yvFcQfWnUypdIvjxTnirHgdotSH9DxGimj7FU=
go.opentelemetry.io/collector/exporter/otlpexporter v0.126.1-0.20250523042642-a867641d12bd/go.mod h1:tYwOFIBp0zTK+9u4dod3vF6JpTGRTpQkED2kY2FbAjU=
go.opentelemetry.io/collector/exporter/xexporter v0.126.1-0.20250523042642-a867641d12bd h1:uL6jcZ//uNdw3ebq17HdGEExxagle0KbZh4IkEi51vQ=
go.opentelemetry.io/collector/exporter/xexporter v0.126.1-0.20250523042642-a867641d12bd/go.mod h1:1oFvi8Om4n4nfuS2pA/p08/4wCpILmuRieFHa6APakg=
go.opentelemetry.io/collector/extension v1.32.1-0.20250523042642-a867641d12bd h1:N1Dg6w1H1vYcNmVO1yWV7z6wfmu2oMkDnHTXGs0v7IY=
go.opentelemetry.io/collector/extension v1.32.1-0.20250523042642-a867641d12bd/go.mod h1:n+ClxAi30UyvvUoFnApm+RcXMmhMBqWXI+48YmIYpGY=
go.opentelemetry.io/collector/extension/extensionauth v1.32.1-0.20250523042642-a867641d12bd h1:m/K6MMjIahFqvmNqStGwOLEk63h2454gApj5kO5TMRg=
go.opentelemetry.io/collector/extension/extensionauth v1.32.1-0.20250523042642-a867641d12bd/go.mod h1:4sqbOn6DeRFEFpmBKElk92mdv9lImrXrCJaR8s05K68=
go.opentelemetry.io/collector/extension/extensionauth/extensionauthtest v0.126.0 h1:rcWDWbDQDW+OE0L8nsGnrtSwm8vnPoyKy+vcL93jQyk=
go.opentelemetry.io/collector/extension/extensionauth/extensionauthtest v0.126.0/go.mod h1:uKjum2GACQWKUsJv7q30ygcwmAuVVdj58WFxVsZm2is=
go.opentelemetry.io/collector/extension/extensionmiddleware v0.126.1-0.20250523042642-a867641d12bd h1:TtiUAxDIcPttKzUiPxA8bqIRXHgQSSx1oGWivm8t+58=
go.opentelemetry.io/collector/extension/extensionmiddleware v0.126.1-0.20250523042642-a867641d12bd/go.mod h1:XGFqdRdGYXJt3IotRW72tgSCFS20Vr9jk5jqQiinmXc=
go.opentelemetry.io/collector/extension/extensionmiddleware/extensionmiddlewaretest v0.126.0 h1:3jgdq3HnNVEznOabzEp8cv6YgzVeak+lgX0mC3uwyK4=
go.opentelemetry.io/collector/extension/extensionmiddleware/extensionmiddlewaretest v0.126.0/go.mod h1:qi7wSIB9GJCqzdfoVMF+yamgblFggUe4JEEzAhPuqqs=
go.opentelemetry.io/collector/extension/extensiontest v0.126.0 h1:BZueZvfbJmlmx62J17o6P8aNyPS32iFSmDYDfajQkew=
go.opentelemetry.io/collector/extension/extensiontest v0.126.0/go.mod h1:9Vg70EOtd28TMdHjRECGu2jdEXnFhSCyvh+/oUGnTfA=
go.opentelemetry.io/collector/extension/xextension v0.126.1-0.20250523042642-a867641d12bd h1:lIE852a+B2UELryQUkTXRGRyD97XospDzf3cPyQzwOM=
go.opentelemetry.io/collector/extension/xextension v0.126.1-0.20250523042642-a867641d12bd/go.mod h1:W3COb7LXro+CMSmRAqx7Jn90NZSIcU5NBpmq8Y/wNc8=
go.opentelemetry.io/collector/featuregate v1.32.1-0.20250523042642-a867641d12bd h1:n/J5U63Ynm4UWjieTNvxCZ2fxs/Hv9kWoYhF9iV3xnM=
go.opentelemetry.io/collector/featuregate v1.32.1-0.20250523042642-a867641d12bd/go.mod h1:Y/KsHbvREENKvvN9RlpiWk/IGBK+CATBYzIIpU7nccc=
go.opentelemetry.io/collector/internal/telemetry v0.126.1-0.20250523042642-a867641d12bd h1:7IoKnF7z95gcZjrg6Uf6z3LJ7Lr8xmLIil+mfiSSgaw=
go.opentelemetry.io/collector/internal/telemetry v0.126.1-0.20250523042642-a867641d12bd/go.mod h1:eXTLMsXUFardu+7fTp9P2hDJs8eyNFCD3XJbOA4yfik=
go.opentelemetry.io/collector/pdata v1.32.1-0.20250523042642-a867641d12bd h1:H136IWSouulaIdZFOzgXo/KCcQD1QlXhRCPoXYE7pdk=
go.opentelemetry.io/collector/pdata v1.32.1-0.20250523042642-a867641d12bd/go.mod h1:TDvbHuvIK+g6xqu1gxtz8ti4pB2x1WcBpjFob5KfleU=
go.opentelemetry.io/collector/pdata/pprofile v0.126.1-0.20250523042642-a867641d12bd h1:8Kqe5ORAhtrnugXQyKuvwivU+5URdwi8niOrclQABm4=
go.opentelemetry.io/collector/pdata/pprofile v0.126.1-0.20250523042642-a867641d12bd/go.mod h1:/s6+1+Bo9S7P8PeKEtssl7b2A9D8z2yQisLnNQQw930=
go.opentelemetry.io/collector/pdata/testdata v0.126.1-0.20250523042642-a867641d12bd h1:V8GQsuqmoHSNHnreSsqdYPeRnp8WaIQKlcwWWvweI5I=
go.opentelemetry.io/collector/pdata/testdata v0.126.1-0.20250523042642-a867641d12bd/go.mod h1:oUkz+ZnJ2IxN/6jmGibR5+x52P0qj9aFB3XHYLp8Uwc=
go.opentelemetry.io/collector/pipeline v0.126.1-0.20250523042642-a867641d12bd h1:oT7z8f90w19Dnt6SkKvvypUCbWjDwhaTuCOyG6VBEiI=
go.opentelemetry.io/collector/pipeline v0.126.1-0.20250523042642-a867641d12bd/go.mod h1:TO02zju/K6E+oFIOdi372Wk0MXd+Szy72zcTsFQwXl4=
go.opentelemetry.io/collector/pipeline/xpipeline v0.126.1-0.20250523042642-a867641d12bd h1:MH01KvLvFGHul3uSND686qYQIoNK7xzSNoheiVeMaBA=
go.opentelemetry.io/collector/pipeline/xpipeline v0.126.1-0.20250523042642-a867641d12bd/go.mod h1:Y1tByug2gtH7K6o5hDISvrGkulEfix6O+WOkC0xrKjA=
go.opentelemetry.io/collector/processor v1.32.1-0.20250523042642-a867641d12bd h1:edWgRyj4asxyhb1NQnzog5qfMXCRrUbUKYGOErmmapM=
go.opentelemetry.io/collector/processor v1.32.1-0.20250523042642-a867641d12bd/go.mod h1:Ts4LG7KbMIC7aNrwFny3sOrbQ+J/R2lqsFwH4TrYzOI=
go.opentelemetry.io/collector/processor/processorhelper v0.126.1-0.20250523042642-a867641d12bd h1:xj76E5I1fOP4XpLfLiOgk655cHteoVHGyMAHqGSQWwc=
go.opentelemetry.io/collector/processor/processorhelper v0.126.1-0.20250523042642-a867641d12bd/go.mod h1:v0odlhh7ajmkf3urbTn5Xr9gHePhOsP2eEPd0ubrpbk=
go.opentelemetry.io/collector/processor/processortest v0.126.1-0.20250523042642-a867641d12bd h1:HoFvYRMelBd6sW9oKy4Nhg3gu2HyHjQw/rW6NNsixPE=
go.opentelemetry.io/collector/processor/processortest v0.126.1-0.20250523042642-a867641d12bd/go.mod h1:uYTR2xxAhQ5d4UTzXUNde5ZExHRFM5q0vzsmqqv9NCw=
go.opentelemetry.io/collector/processor/xprocessor v0.126.1-0.20250523042642-a867641d12bd h1:hCABBFgZFjNAUzzdCABNVPMs9u/5gpLBCuidf2sX11g=
go.opentelemetry.io/collector/processor/xprocessor v0.126.1-0.20250523042642-a867641d12bd/go.mod h1:xKgLyGpQJgZbENyH7RdW6v6UwhzpSwr0ydFqLWbrEdE=
go.opentelemetry.io/collector/receiver v1.32.1-0.20250523042642-a867641d12bd h1:q/SCvd2TzKVr/FKOlSM5aRsG6gwn9A1du456Hh55jww=
go.opentelemetry.io/collector/receiver v1.32.1-0.20250523042642-a867641d12bd/go.mod h1:GzYAl0kdi5iRGAjBST9M2rfyE4yjauGGicpms1u6uaQ=
go.opentelemetry.io/collector/receiver/receivertest v0.126.1-0.20250523042642-a867641d12bd h1:8o+A5cGe3l2PQxkhOQvU6wuUP3KVLjRs6YMAUUdE7R4=
go.opentelemetry.io/collector/receiver/receivertest v0.126.1-0.20250523042642-a867641d12bd/go.mod h1:lTG6Ca8VEzUkGFBZGzQR+7OAPGrVK9JME4lkTyaXAnE=
go.opentelemetry.io/collector/receiver/xreceiver v0.126.1-0.20250523042642-a867641d12bd h1:YIxWXMTQT9c1q16QtoZdye67yJ0Okumo6D71hY2LWYw=
go.opentelemetry.io/collector/receiver/xreceiver v0.126.1-0.20250523042642-a867641d12bd/go.mod h1:5QdMTtZXbfoXlvClryRLVoK53sKlCqB2gTuCZiXWwBo=
go.opentelemetry.io/contrib/bridges/otelzap v0.10.0 h1:ojdSRDvjrnm30beHOmwsSvLpoRF40MlwNCA+Oo93kXU=
go.opentelemetry.io/contrib/bridges/otelzap v0.10.0/go.mod h1:oTTm4g7NEtHSV2i/0FeVdPaPgUIZPfQkFbq0vbzqnv0=
go.opentelemetry.io/contrib/instrumentation/google.golang.org/grpc/otelgrpc v0.60.0 h1:x7wzEgXfnzJcHDwStJT+mxOz4etr2EcexjqhBvmoakw=
go.opentelemetry.io/contrib/instrumentation/google.golang.org/grpc/otelgrpc v0.60.0/go.mod h1:rg+RlpR5dKwaS95IyyZqj5Wd4E13lk/msnTS0Xl9lJM=
go.opentelemetry.io/otel v1.35.0 h1:xKWKPxrxB6OtMCbmMY021CqC45J+3Onta9MqjhnusiQ=
go.opentelemetry.io/otel v1.35.0/go.mod h1:UEqy8Zp11hpkUrL73gSlELM0DupHoiq72dR+Zqel/+Y=
go.opentelemetry.io/otel/log v0.11.0 h1:c24Hrlk5WJ8JWcwbQxdBqxZdOK7PcP/LFtOtwpDTe3Y=
go.opentelemetry.io/otel/log v0.11.0/go.mod h1:U/sxQ83FPmT29trrifhQg+Zj2lo1/IPN1PF6RTFqdwc=
go.opentelemetry.io/otel/metric v1.35.0 h1:0znxYu2SNyuMSQT4Y9WDWej0VpcsxkuklLa4/siN90M=
go.opentelemetry.io/otel/metric v1.35.0/go.mod h1:nKVFgxBZ2fReX6IlyW28MgZojkoAkJGaE8CpgeAU3oE=
go.opentelemetry.io/otel/sdk v1.35.0 h1:iPctf8iprVySXSKJffSS79eOjl9pvxV9ZqOWT0QejKY=
go.opentelemetry.io/otel/sdk v1.35.0/go.mod h1:+ga1bZliga3DxJ3CQGg3updiaAJoNECOgJREo9KHGQg=
go.opentelemetry.io/otel/sdk/metric v1.35.0 h1:1RriWBmCKgkeHEhM7a2uMjMUfP7MsOF5JpUCaEqEI9o=
go.opentelemetry.io/otel/sdk/metric v1.35.0/go.mod h1:is6XYCUMpcKi+ZsOvfluY5YstFnhW0BidkR+gL+qN+w=
go.opentelemetry.io/otel/trace v1.35.0 h1:dPpEfJu1sDIqruz7BHFG3c7528f6ddfSWfFDVt/xgMs=
go.opentelemetry.io/otel/trace v1.35.0/go.mod h1:WUk7DtFp1Aw2MkvqGdwiXYDZZNvA/1J8o6xRXLrIkyc=
go.uber.org/goleak v1.3.0 h1:2K3zAYmnTNqV73imy9J1T3WC+gmCePx2hEGkimedGto=
go.uber.org/goleak v1.3.0/go.mod h1:CoHD4mav9JJNrW/WLlf7HGZPjdw8EucARQHekz1X6bE=
go.uber.org/multierr v1.11.0 h1:blXXJkSxSSfBVBlC76pxqeO+LN3aDfLQo+309xJstO0=
go.uber.org/multierr v1.11.0/go.mod h1:20+QtiLqy0Nd6FdQB9TLXag12DsQkrbs3htMFfDN80Y=
go.uber.org/zap v1.27.0 h1:aJMhYGrd5QSmlpLMr2MftRKl7t8J8PTZPA732ud/XR8=
go.uber.org/zap v1.27.0/go.mod h1:GB2qFLM7cTU87MWRP2mPIjqfIDnGu+VIO4V/SdhGo2E=
golang.org/x/crypto v0.0.0-20190308221718-c2843e01d9a2/go.mod h1:djNgcEr1/C05ACkg1iLfiJU5Ep61QUkGW8qpdssI0+w=
golang.org/x/crypto v0.0.0-20191011191535-87dc89f01550/go.mod h1:yigFU9vqHzYiE8UmvKecakEJjdnWj3jj499lnFckfCI=
golang.org/x/crypto v0.0.0-20200622213623-75b288015ac9/go.mod h1:LzIPMQfyMNhhGPhUkYOs5KpL4U8rLKemX1yGLhDgUto=
golang.org/x/crypto v0.0.0-20210921155107-089bfa567519/go.mod h1:GvvjBRRGRdwPK5ydBHafDWAxML/pGHZbMvKqRZ5+Abc=
golang.org/x/crypto v0.13.0/go.mod h1:y6Z2r+Rw4iayiXXAIxJIDAJ1zMW4yaTpebo8fPOliYc=
golang.org/x/crypto v0.19.0/go.mod h1:Iy9bg/ha4yyC70EfRS8jz+B6ybOBKMaSxLj6P6oBDfU=
golang.org/x/crypto v0.23.0/go.mod h1:CKFgDieR+mRhux2Lsu27y0fO304Db0wZe70UKqHu0v8=
golang.org/x/crypto v0.31.0/go.mod h1:kDsLvtWBEx7MV9tJOj9bnXsPbxwJQ6csT/x4KIN4Ssk=
golang.org/x/crypto v0.38.0 h1:jt+WWG8IZlBnVbomuhg2Mdq0+BBQaHbtqHEFEigjUV8=
golang.org/x/crypto v0.38.0/go.mod h1:MvrbAqul58NNYPKnOra203SB9vpuZW0e+RRZV+Ggqjw=
golang.org/x/exp v0.0.0-20240506185415-9bf2ced13842 h1:vr/HnozRka3pE4EsMEg1lgkXJkTFJCVUX+S/ZT6wYzM=
golang.org/x/exp v0.0.0-20240506185415-9bf2ced13842/go.mod h1:XtvwrStGgqGPLc4cjQfWqZHG1YFdYs6swckp8vpsjnc=
golang.org/x/mod v0.2.0/go.mod h1:s0Qsj1ACt9ePp/hMypM3fl4fZqREWJwdYDEqhRiZZUA=
golang.org/x/mod v0.3.0/go.mod h1:s0Qsj1ACt9ePp/hMypM3fl4fZqREWJwdYDEqhRiZZUA=
golang.org/x/mod v0.6.0-dev.0.20220419223038-86c51ed26bb4/go.mod h1:jJ57K6gSWd91VN4djpZkiMVwK6gcyfeH4XE8wZrZaV4=
golang.org/x/mod v0.8.0/go.mod h1:iBbtSCu2XBx23ZKBPSOrRkjjQPZFPuis4dIYUhu/chs=
golang.org/x/mod v0.12.0/go.mod h1:iBbtSCu2XBx23ZKBPSOrRkjjQPZFPuis4dIYUhu/chs=
golang.org/x/mod v0.15.0/go.mod h1:hTbmBsO62+eylJbnUtE2MGJUyE7QWk4xUqPFrRgJ+7c=
golang.org/x/mod v0.17.0/go.mod h1:hTbmBsO62+eylJbnUtE2MGJUyE7QWk4xUqPFrRgJ+7c=
golang.org/x/net v0.0.0-20190404232315-eb5bcb51f2a3/go.mod h1:t9HGtf8HONx5eT2rtn7q6eTqICYqUVnKs3thJo3Qplg=
golang.org/x/net v0.0.0-20190620200207-3b0461eec859/go.mod h1:z5CRVTTTmAJ677TzLLGU+0bjPO0LkuOLi4/5GtJWs/s=
golang.org/x/net v0.0.0-20200226121028-0de0cce0169b/go.mod h1:z5CRVTTTmAJ677TzLLGU+0bjPO0LkuOLi4/5GtJWs/s=
golang.org/x/net v0.0.0-20201021035429-f5854403a974/go.mod h1:sp8m0HH+o8qH0wwXwYZr8TS3Oi6o0r6Gce1SSxlDquU=
golang.org/x/net v0.0.0-20210226172049-e18ecbb05110/go.mod h1:m0MpNAwzfU5UDzcl9v0D8zg8gWTRqZa9RBIspLL5mdg=
golang.org/x/net v0.0.0-20220722155237-a158d28d115b/go.mod h1:XRhObCWvk6IyKnWLug+ECip1KBveYUHfp+8e9klMJ9c=
golang.org/x/net v0.6.0/go.mod h1:2Tu9+aMcznHK/AK1HMvgo6xiTLG5rD5rZLDS+rp2Bjs=
golang.org/x/net v0.10.0/go.mod h1:0qNGK6F8kojg2nk9dLZ2mShWaEBan6FAoqfSigmmuDg=
golang.org/x/net v0.15.0/go.mod h1:idbUs1IY1+zTqbi8yxTbhexhEEk5ur9LInksu6HrEpk=
golang.org/x/net v0.21.0/go.mod h1:bIjVDfnllIU7BJ2DNgfnXvpSvtn8VRwhlsaeUTyUS44=
golang.org/x/net v0.25.0/go.mod h1:JkAGAh7GEvH74S6FOH42FLoXpXbE/aqXSrIQjXgsiwM=
golang.org/x/net v0.33.0/go.mod h1:HXLR5J+9DxmrqMwG9qjGCxZ+zKXxBru04zlTvWlWuN4=
golang.org/x/net v0.40.0 h1:79Xs7wF06Gbdcg4kdCCIQArK11Z1hr5POQ6+fIYHNuY=
golang.org/x/net v0.40.0/go.mod h1:y0hY0exeL2Pku80/zKK7tpntoX23cqL3Oa6njdgRtds=
golang.org/x/sync v0.0.0-20190423024810-112230192c58/go.mod h1:RxMgew5VJxzue5/jJTE5uejpjVlOe/izrB70Jof72aM=
golang.org/x/sync v0.0.0-20190911185100-cd5d95a43a6e/go.mod h1:RxMgew5VJxzue5/jJTE5uejpjVlOe/izrB70Jof72aM=
golang.org/x/sync v0.0.0-20201020160332-67f06af15bc9/go.mod h1:RxMgew5VJxzue5/jJTE5uejpjVlOe/izrB70Jof72aM=
golang.org/x/sync v0.0.0-20220722155255-886fb9371eb4/go.mod h1:RxMgew5VJxzue5/jJTE5uejpjVlOe/izrB70Jof72aM=
golang.org/x/sync v0.1.0/go.mod h1:RxMgew5VJxzue5/jJTE5uejpjVlOe/izrB70Jof72aM=
golang.org/x/sync v0.3.0/go.mod h1:FU7BRWz2tNW+3quACPkgCx/L+uEAv1htQ0V83Z9Rj+Y=
golang.org/x/sync v0.6.0/go.mod h1:Czt+wKu1gCyEFDUtn0jG5QVvpJ6rzVqr5aXyt9drQfk=
golang.org/x/sync v0.7.0/go.mod h1:Czt+wKu1gCyEFDUtn0jG5QVvpJ6rzVqr5aXyt9drQfk=
golang.org/x/sync v0.10.0/go.mod h1:Czt+wKu1gCyEFDUtn0jG5QVvpJ6rzVqr5aXyt9drQfk=
golang.org/x/sys v0.0.0-20190215142949-d0b11bdaac8a/go.mod h1:STP8DvDyc/dI5b8T5hshtkjS+E42TnysNCUPdjciGhY=
golang.org/x/sys v0.0.0-20190412213103-97732733099d/go.mod h1:h1NjWce9XRLGQEsW7wpKNCjG9DtNlClVuFLEZdDNbEs=
golang.org/x/sys v0.0.0-20200930185726-fdedc70b468f/go.mod h1:h1NjWce9XRLGQEsW7wpKNCjG9DtNlClVuFLEZdDNbEs=
golang.org/x/sys v0.0.0-20201119102817-f84b799fce68/go.mod h1:h1NjWce9XRLGQEsW7wpKNCjG9DtNlClVuFLEZdDNbEs=
golang.org/x/sys v0.0.0-20210615035016-665e8c7367d1/go.mod h1:oPkhp1MJrh7nUepCBck5+mAzfO9JrbApNNgaTdGDITg=
golang.org/x/sys v0.0.0-20220520151302-bc2c85ada10a/go.mod h1:oPkhp1MJrh7nUepCBck5+mAzfO9JrbApNNgaTdGDITg=
golang.org/x/sys v0.0.0-20220722155257-8c9f86f7a55f/go.mod h1:oPkhp1MJrh7nUepCBck5+mAzfO9JrbApNNgaTdGDITg=
golang.org/x/sys v0.5.0/go.mod h1:oPkhp1MJrh7nUepCBck5+mAzfO9JrbApNNgaTdGDITg=
golang.org/x/sys v0.8.0/go.mod h1:oPkhp1MJrh7nUepCBck5+mAzfO9JrbApNNgaTdGDITg=
golang.org/x/sys v0.12.0/go.mod h1:oPkhp1MJrh7nUepCBck5+mAzfO9JrbApNNgaTdGDITg=
golang.org/x/sys v0.17.0/go.mod h1:/VUhepiaJMQUp4+oa/7Zr1D23ma6VTLIYjOOTFZPUcA=
golang.org/x/sys v0.20.0/go.mod h1:/VUhepiaJMQUp4+oa/7Zr1D23ma6VTLIYjOOTFZPUcA=
golang.org/x/sys v0.28.0/go.mod h1:/VUhepiaJMQUp4+oa/7Zr1D23ma6VTLIYjOOTFZPUcA=
golang.org/x/sys v0.33.0 h1:q3i8TbbEz+JRD9ywIRlyRAQbM0qF7hu24q3teo2hbuw=
golang.org/x/sys v0.33.0/go.mod h1:BJP2sWEmIv4KK5OTEluFJCKSidICx8ciO85XgH3Ak8k=
golang.org/x/telemetry v0.0.0-20240228155512-f48c80bd79b2/go.mod h1:TeRTkGYfJXctD9OcfyVLyj2J3IxLnKwHJR8f4D8a3YE=
golang.org/x/term v0.0.0-20201126162022-7de9c90e9dd1/go.mod h1:bj7SfCRtBDWHUb9snDiAeCFNEtKQo2Wmx5Cou7ajbmo=
golang.org/x/term v0.0.0-20210927222741-03fcf44c2211/go.mod h1:jbD1KX2456YbFQfuXm/mYQcufACuNUgVhRMnK/tPxf8=
golang.org/x/term v0.5.0/go.mod h1:jMB1sMXY+tzblOD4FWmEbocvup2/aLOaQEp7JmGp78k=
golang.org/x/term v0.8.0/go.mod h1:xPskH00ivmX89bAKVGSKKtLOWNx2+17Eiy94tnKShWo=
golang.org/x/term v0.12.0/go.mod h1:owVbMEjm3cBLCHdkQu9b1opXd4ETQWc3BhuQGKgXgvU=
golang.org/x/term v0.17.0/go.mod h1:lLRBjIVuehSbZlaOtGMbcMncT+aqLLLmKrsjNrUguwk=
golang.org/x/term v0.20.0/go.mod h1:8UkIAJTvZgivsXaD6/pH6U9ecQzZ45awqEOzuCvwpFY=
golang.org/x/term v0.27.0/go.mod h1:iMsnZpn0cago0GOrHO2+Y7u7JPn5AylBrcoWkElMTSM=
golang.org/x/text v0.3.0/go.mod h1:NqM8EUOU14njkJ3fqMW+pc6Ldnwhi/IjpwHt7yyuwOQ=
golang.org/x/text v0.3.3/go.mod h1:5Zoc/QRtKVWzQhOtBMvqHzDpF6irO9z98xDceosuGiQ=
golang.org/x/text v0.3.7/go.mod h1:u+2+/6zg+i71rQMx5EYifcz6MCKuco9NR6JIITiCfzQ=
golang.org/x/text v0.7.0/go.mod h1:mrYo+phRRbMaCq/xk9113O4dZlRixOauAjOtrjsXDZ8=
golang.org/x/text v0.9.0/go.mod h1:e1OnstbJyHTd6l/uOt8jFFHp6TRDWZR/bV3emEE/zU8=
golang.org/x/text v0.13.0/go.mod h1:TvPlkZtksWOMsz7fbANvkp4WM8x/WCo/om8BMLbz+aE=
golang.org/x/text v0.14.0/go.mod h1:18ZOQIKpY8NJVqYksKHtTdi31H5itFRjB5/qKTNYzSU=
golang.org/x/text v0.15.0/go.mod h1:18ZOQIKpY8NJVqYksKHtTdi31H5itFRjB5/qKTNYzSU=
golang.org/x/text v0.21.0/go.mod h1:4IBbMaMmOPCJ8SecivzSH54+73PCFmPWxNTLm+vZkEQ=
golang.org/x/text v0.25.0 h1:qVyWApTSYLk/drJRO5mDlNYskwQznZmkpV2c8q9zls4=
golang.org/x/text v0.25.0/go.mod h1:WEdwpYrmk1qmdHvhkSTNPm3app7v4rsT8F2UD6+VHIA=
golang.org/x/tools v0.0.0-20180917221912-90fa682c2a6e/go.mod h1:n7NCudcB/nEzxVGmLbDWY5pfWTLqBcC2KZ6jyYvM4mQ=
golang.org/x/tools v0.0.0-20191119224855-298f0cb1881e/go.mod h1:b+2E5dAYhXwXZwtnZ6UAqBI28+e2cm9otk0dWdXHAEo=
golang.org/x/tools v0.0.0-20200619180055-7c47624df98f/go.mod h1:EkVYQZoAsY45+roYkvgYkIh4xh/qjgUK9TdY2XT94GE=
golang.org/x/tools v0.0.0-20210106214847-113979e3529a/go.mod h1:emZCQorbCU4vsT4fOWvOPXz4eW1wZW4PmDk9uLelYpA=
golang.org/x/tools v0.1.12/go.mod h1:hNGJHUnrk76NpqgfD5Aqm5Crs+Hm0VOH/i9J2+nxYbc=
golang.org/x/tools v0.6.0/go.mod h1:Xwgl3UAJ/d3gWutnCtw505GrjyAbvKui8lOU390QaIU=
golang.org/x/tools v0.13.0/go.mod h1:HvlwmtVNQAhOuCjW7xxvovg8wbNq7LwfXh/k7wXUl58=
golang.org/x/tools v0.21.1-0.20240508182429-e35e4ccd0d2d/go.mod h1:aiJjzUbINMkxbQROHiO6hDPo2LHcIPhhQsa9DLh0yGk=
golang.org/x/xerrors v0.0.0-20190717185122-a985d3407aa7/go.mod h1:I/5z698sn9Ka8TeJc9MKroUUfqBBauWjQqLJ2OPfmY0=
golang.org/x/xerrors v0.0.0-20191011141410-1b5146add898/go.mod h1:I/5z698sn9Ka8TeJc9MKroUUfqBBauWjQqLJ2OPfmY0=
golang.org/x/xerrors v0.0.0-20191204190536-9bdfabe68543/go.mod h1:I/5z698sn9Ka8TeJc9MKroUUfqBBauWjQqLJ2OPfmY0=
golang.org/x/xerrors v0.0.0-20200804184101-5ec99f83aff1/go.mod h1:I/5z698sn9Ka8TeJc9MKroUUfqBBauWjQqLJ2OPfmY0=
google.golang.org/genproto/googleapis/rpc v0.0.0-20250218202821-56aae31c358a h1:51aaUVRocpvUOSQKM6Q7VuoaktNIaMCLuhZB6DKksq4=
google.golang.org/genproto/googleapis/rpc v0.0.0-20250218202821-56aae31c358a/go.mod h1:uRxBH1mhmO8PGhU89cMcHaXKZqO+OfakD8QQO0oYwlQ=
google.golang.org/grpc v1.72.1 h1:HR03wO6eyZ7lknl75XlxABNVLLFc2PAb6mHlYh756mA=
google.golang.org/grpc v1.72.1/go.mod h1:wH5Aktxcg25y1I3w7H69nHfXdOG3UiadoBtjh3izSDM=
google.golang.org/protobuf v1.36.6 h1:z1NpPI8ku2WgiWnf+t9wTPsn6eP1L7ksHUlkfLvd9xY=
google.golang.org/protobuf v1.36.6/go.mod h1:jduwjTPXsFjZGTmRluh+L6NjiWu7pchiJ2/5YcXBHnY=
gopkg.in/check.v1 v0.0.0-20161208181325-20d25e280405/go.mod h1:Co6ibVJAznAaIkqp8huTwlJQCZ016jof/cbN4VW5Yz0=
gopkg.in/check.v1 v1.0.0-20201130134442-10cb98267c6c h1:Hei/4ADfdWqJk1ZMxUNpqntNwaWcugrBjAiHlqqRiVk=
gopkg.in/check.v1 v1.0.0-20201130134442-10cb98267c6c/go.mod h1:JHkPIbrfpd72SG/EVd6muEfDQjcINNoR0C8j2r3qZ4Q=
gopkg.in/yaml.v2 v2.2.1/go.mod h1:hI93XBmqTisBFMUTm0b8Fm+jr3Dg1NNxqwp+5A1VGuI=
gopkg.in/yaml.v2 v2.4.0 h1:D8xgwECY7CYvx+Y2n4sBz93Jn9JRvxdiyyo8CTfuKaY=
gopkg.in/yaml.v2 v2.4.0/go.mod h1:RDklbk79AGWmwhnvt/jBztapEOGDOx6ZbXqjP6csGnQ=
gopkg.in/yaml.v3 v3.0.1 h1:fxVm/GzAzEWqLHuvctI91KS9hhNmmWOoWu0XTYJS7CA=
gopkg.in/yaml.v3 v3.0.1/go.mod h1:K4uyk7z7BCEPqu6E+C64Yfv1cQ7kz7rIZviUmN+EgEM=
sigs.k8s.io/yaml v1.4.0 h1:Mk1wCc2gy/F0THH0TAp1QYyJNzRm2KCLy3o5ASXVI5E=
sigs.k8s.io/yaml v1.4.0/go.mod h1:Ejl7/uTz7PSA4eKMyQCUTnhZYNmLIl+5c2lQPGR2BPY=
