github.com/cenkalti/backoff/v4 v4.2.1 h1:y4OZtCnogmCPw98Zjyt5a6+QwPLGkiQsYW5oUqylYbM=
github.com/cenkalti/backoff/v4 v4.2.1/go.mod h1:Y3VNntkOUPxTVeUxJ/G5vcM//AlwfmyYozVcomhLiZE=
github.com/davecgh/go-spew v1.1.1 h1:vj9j/u1bqnvCEfJOwUhtlOARqs3+rkHYY13jYWTU97c=
github.com/felixge/httpsnoop v1.0.3 h1:s/nj+GCswXYzN5v2DpNMuMQYe+0DDwt5WVCU6CWBdXk=
github.com/felixge/httpsnoop v1.0.3/go.mod h1:m8KPJKqk1gH5J9DgRY2ASl2lWCfGKXixSwevea8zH2U=
github.com/go-logr/logr v1.2.2/go.mod h1:jdQByPbusPIv2/zmleS9BjJVeZ6kBagPoEUsqbVz/1A=
github.com/go-logr/logr v1.2.4 h1:g01GSCwiDw2xSZfjJ2/T9M+S6pFdcNtFYsp+Y43HYDQ=
github.com/go-logr/logr v1.2.4/go.mod h1:jdQByPbusPIv2/zmleS9BjJVeZ6kBagPoEUsqbVz/1A=
github.com/go-logr/stdr v1.2.2 h1:hSWxHoqTgW2S2qGc0LTAI563KZ5YKYRhT3MFKZMbjag=
github.com/go-logr/stdr v1.2.2/go.mod h1:mMo/vtBO5dYbehREoey6XUKy/eSumjCCveDpRre4VKE=
github.com/golang/glog v1.1.0 h1:/d3pCKDPWNnvIWe0vVUpNP32qc8U3PDVxySP/y360qE=
github.com/golang/protobuf v1.5.0/go.mod h1:FsONVRAS9T7sI+LIUmWTfcYkHO4aIWwzhcaSAoJOfIk=
github.com/golang/protobuf v1.5.3 h1:KhyjKVUg7Usr/dYsdSqoFveMYd5ko72D+zANwlG1mmg=
github.com/golang/protobuf v1.5.3/go.mod h1:XVQd3VNwM+JqD3oG2Ue2ip4fOMUkwXdXDdiuN0vRsmY=
github.com/google/go-cmp v0.5.5/go.mod h1:v8dTdLbMG2kIc/vJvl+f65V22dbkXbowE6jgT/gNBxE=
github.com/google/go-cmp v0.5.9 h1:O2Tfq5qg4qc4AmwVlvv0oLiVAGB7enBSJ2x2DqQFi38=
github.com/grpc-ecosystem/grpc-gateway/v2 v2.17.1 h1:LSsiG61v9IzzxMkqEr6nrix4miJI62xlRjwT7BYD2SM=
github.com/grpc-ecosystem/grpc-gateway/v2 v2.17.1/go.mod h1:Hbb13e3/WtqQ8U5hLGkek9gJvBLasHuPFI0UEGfnQ10=
github.com/pmezard/go-difflib v1.0.0 h1:4DBwDE0NGyQoBHbLQYPwSUPoCMWR5BEzIk/f1lZbAQM=
github.com/stretchr/testify v1.8.4 h1:CcVxjf3Q8PM0mHUKJCdn+eZZtm5yQwehR5yeSVQQcUk=
go.opentelemetry.io/contrib/instrumentation/net/http/otelhttp v0.42.0 h1:pginetY7+onl4qN1vl0xW/V/v6OBZ0vVdH+esuJgvmM=
go.opentelemetry.io/contrib/instrumentation/net/http/otelhttp v0.42.0/go.mod h1:XiYsayHc36K3EByOO6nbAXnAWbrUxdjUROCEeeROOH8=
go.opentelemetry.io/otel v1.17.0 h1:MW+phZ6WZ5/uk2nd93ANk/6yJ+dVrvNWUjGhnnFU5jM=
go.opentelemetry.io/otel v1.17.0/go.mod h1:I2vmBGtFaODIVMBSTPVDlJSzBDNf93k60E6Ft0nyjo0=
go.opentelemetry.io/otel/exporters/otlp/internal/retry v1.16.0 h1:t4ZwRPU+emrcvM2e9DHd0Fsf0JTPVcbfa/BhTDF03d0=
go.opentelemetry.io/otel/exporters/otlp/internal/retry v1.16.0/go.mod h1:vLarbg68dH2Wa77g71zmKQqlQ8+8Rq3GRG31uc0WcWI=
go.opentelemetry.io/otel/exporters/otlp/otlpmetric v0.39.0 h1:f6BwB2OACc3FCbYVznctQ9V6KK7Vq6CjmYXJ7DeSs4E=
go.opentelemetry.io/otel/exporters/otlp/otlpmetric v0.39.0/go.mod h1:UqL5mZ3qs6XYhDnZaW1Ps4upD+PX6LipH40AoeuIlwU=
go.opentelemetry.io/otel/exporters/otlp/otlpmetric/otlpmetricgrpc v0.39.0 h1:rm+Fizi7lTM2UefJ1TO347fSRcwmIsUAaZmYmIGBRAo=
go.opentelemetry.io/otel/exporters/otlp/otlpmetric/otlpmetricgrpc v0.39.0/go.mod h1:sWFbI3jJ+6JdjOVepA5blpv/TJ20Hw+26561iMbWcwU=
go.opentelemetry.io/otel/exporters/otlp/otlptrace v1.17.0 h1:U5GYackKpVKlPrd/5gKMlrTlP2dCESAAFU682VCpieY=
go.opentelemetry.io/otel/exporters/otlp/otlptrace v1.17.0/go.mod h1:aFsJfCEnLzEu9vRRAcUiB/cpRTbVsNdF3OHSPpdjxZQ=
go.opentelemetry.io/otel/exporters/otlp/otlptrace/otlptracegrpc v1.16.0 h1:TVQp/bboR4mhZSav+MdgXB8FaRho1RC8UwVn3T0vjVc=
go.opentelemetry.io/otel/exporters/otlp/otlptrace/otlptracegrpc v1.16.0/go.mod h1:I33vtIe0sR96wfrUcilIzLoA3mLHhRmz9S9Te0S3gDo=
go.opentelemetry.io/otel/metric v1.17.0 h1:iG6LGVz5Gh+IuO0jmgvpTB6YVrCGngi8QGm+pMd8Pdc=
go.opentelemetry.io/otel/metric v1.17.0/go.mod h1:h4skoxdZI17AxwITdmdZjjYJQH5nzijUUjm+wtPph5o=
go.opentelemetry.io/otel/sdk v1.17.0 h1:FLN2X66Ke/k5Sg3V623Q7h7nt3cHXaW1FOvKKrW0IpE=
go.opentelemetry.io/otel/sdk v1.17.0/go.mod h1:U87sE0f5vQB7hwUoW98pW5Rz4ZDuCFBZFNUBlSgmDFQ=
go.opentelemetry.io/otel/sdk/metric v0.39.0 h1:Kun8i1eYf48kHH83RucG93ffz0zGV1sh46FAScOTuDI=
go.opentelemetry.io/otel/sdk/metric v0.39.0/go.mod h1:piDIRgjcK7u0HCL5pCA4e74qpK/jk3NiUoAHATVAmiI=
go.opentelemetry.io/otel/trace v1.17.0 h1:/SWhSRHmDPOImIAetP1QAeMnZYiQXrTy4fMMYOdSKWQ=
go.opentelemetry.io/otel/trace v1.17.0/go.mod h1:I/4vKTgFclIsXRVucpH25X0mpFSczM7aHeaz0ZBLWjY=
go.opentelemetry.io/proto/otlp v1.0.0 h1:T0TX0tmXU8a3CbNXzEKGeU5mIVOdf0oykP+u2lIVU/I=
go.opentelemetry.io/proto/otlp v1.0.0/go.mod h1:Sy6pihPLfYHkr3NkUbEhGHFhINUSI/v80hjKIs5JXpM=
go.uber.org/goleak v1.2.1 h1:NBol2c7O1ZokfZ0LEU9K6Whx/KnwvepVetCUhtKja4A=
golang.org/x/net v0.14.0 h1:BONx9s002vGdD9umnlX1Po8vOZmrgH34qlHcD1MfK14=
golang.org/x/net v0.14.0/go.mod h1:PpSgVXXLK0OxS0F31C1/tv6XNguvCrnXIDrFMspZIUI=
golang.org/x/sys v0.11.0 h1:eG7RXZHdqOJ1i+0lgLgCpSXAp6M3LYlAo6osgSi0xOM=
golang.org/x/sys v0.11.0/go.mod h1:oPkhp1MJrh7nUepCBck5+mAzfO9JrbApNNgaTdGDITg=
golang.org/x/text v0.12.0 h1:k+n5B8goJNdU7hSvEtMUz3d1Q6D/XW4COJSJR6fN0mc=
golang.org/x/text v0.12.0/go.mod h1:TvPlkZtksWOMsz7fbANvkp4WM8x/WCo/om8BMLbz+aE=
golang.org/x/xerrors v0.0.0-20191204190536-9bdfabe68543/go.mod h1:I/5z698sn9Ka8TeJc9MKroUUfqBBauWjQqLJ2OPfmY0=
google.golang.org/genproto v0.0.0-20230803162519-f966b187b2e5 h1:L6iMMGrtzgHsWofoFcihmDEMYeDR9KN/ThbPWGrh++g=
google.golang.org/genproto/googleapis/api v0.0.0-20230822172742-b8732ec3820d h1:DoPTO70H+bcDXcd39vOqb2viZxgqeBeSGtZ55yZU4/Q=
google.golang.org/genproto/googleapis/api v0.0.0-20230822172742-b8732ec3820d/go.mod h1:KjSP20unUpOx5kyQUFa7k4OJg0qeJ7DEZflGDu2p6Bk=
google.golang.org/genproto/googleapis/rpc v0.0.0-20230822172742-b8732ec3820d h1:uvYuEyMHKNt+lT4K3bN6fGswmK8qSvcreM3BwjDh+y4=
google.golang.org/genproto/googleapis/rpc v0.0.0-20230822172742-b8732ec3820d/go.mod h1:+Bk1OCOj40wS2hwAMA+aCW9ypzm63QTBBHp6lQ3p+9M=
google.golang.org/grpc v1.57.0 h1:kfzNeI/klCGD2YPMUlaGNT3pxvYfga7smW3Vth8Zsiw=
google.golang.org/grpc v1.57.0/go.mod h1:Sd+9RMTACXwmub0zcNY2c4arhtrbBYD1AUHI/dt16Mo=
google.golang.org/protobuf v1.26.0-rc.1/go.mod h1:jlhhOSvTdKEhbULTjvd4ARK9grFBp09yW+WbY/TyQbw=
google.golang.org/protobuf v1.26.0/go.mod h1:9q0QmTI4eRPtz6boOQmLYwt+qCgq0jsYwAQnmE0givc=
google.golang.org/protobuf v1.31.0 h1:g0LDEJHgrBl9N9r17Ru3sqWhkIx2NB67okBHPwC7hs8=
google.golang.org/protobuf v1.31.0/go.mod h1:HV8QOd/L58Z+nl8r43ehVNZIU/HEI6OcFqwMG9pJV4I=
gopkg.in/yaml.v3 v3.0.1 h1:fxVm/GzAzEWqLHuvctI91KS9hhNmmWOoWu0XTYJS7CA=
