github.com/HdrHistogram/hdrhistogram-go v1.2.0 h1:XMJkDWuz6bM9Fzy7zORuVFKH7ZJY41G2q8KWhVGkNiY=
github.com/HdrHistogram/hdrhistogram-go v1.2.0/go.mod h1:CiIeGiHSd06zjX+FypuEJ5EQ07KKtxZ+8J6hszwVQig=
github.com/andybalholm/brotli v1.2.0 h1:ukwgCxwYrmACq68yiUqwIWnGY0cTPox/M94sVwToPjQ=
github.com/andybalholm/brotli v1.2.0/go.mod h1:rzTDkvFWvIrjDXZHkuS16NPggd91W3kUSvPlQ1pLaKY=
github.com/apache/arrow-go/v18 v18.5.0 h1:rmhKjVA+MKVnQIMi/qnM0OxeY4tmHlN3/Pvu+Itmd6s=
github.com/apache/arrow-go/v18 v18.5.0/go.mod h1:F1/wPb3bUy6ZdP4kEPWC7GUZm+yDmxXFERK6uDSkhr8=
github.com/apache/thrift v0.22.0 h1:r7mTJdj51TMDe6RtcmNdQxgn9XcyfGDOzegMDRg47uc=
github.com/apache/thrift v0.22.0/go.mod h1:1e7J/O1Ae6ZQMTYdy9xa3w9k+XHWPfRvdPyJeynQ+/g=
github.com/axiomhq/hyperloglog v0.2.6 h1:sRhvvF3RIXWQgAXaTphLp4yJiX4S0IN3MWTaAgZoRJw=
github.com/axiomhq/hyperloglog v0.2.6/go.mod h1:YjX/dQqCR/7QYX0g8mu8UZAjpIenz1FKM71UEsjFoTo=
github.com/brianvoe/gofakeit/v6 v6.28.0 h1:Xib46XXuQfmlLS2EXRuJpqcw8St6qSZz75OUo0tgAW4=
github.com/brianvoe/gofakeit/v6 v6.28.0/go.mod h1:Xj58BMSnFqcn/fAQeSK+/PLtC5kSb7FJIq4JyGa8vEs=
github.com/cenkalti/backoff/v5 v5.0.3 h1:ZN+IMa753KfX5hd8vVaMixjnqRZ3y8CuJKRKj1xcsSM=
github.com/cenkalti/backoff/v5 v5.0.3/go.mod h1:rkhZdG3JZukswDf7f0cwqPNk4K0sa+F97BxZthm/crw=
github.com/cespare/xxhash/v2 v2.3.0 h1:UL815xU9SqsFlibzuggzjXhog7bL6oX9BbNZnL2UFvs=
github.com/cespare/xxhash/v2 v2.3.0/go.mod h1:VGX0DQ3Q6kWi7AoAeZDth3/j3BFtOZR5XLFGgcrjCOs=
github.com/davecgh/go-spew v1.1.0/go.mod h1:J7Y8YcW2NihsgmVo/mv3lAwl/skON4iLHjSsI+c5H38=
github.com/davecgh/go-spew v1.1.1/go.mod h1:J7Y8YcW2NihsgmVo/mv3lAwl/skON4iLHjSsI+c5H38=
github.com/davecgh/go-spew v1.1.2-0.20180830191138-d8f796af33cc h1:U9qPSI2PIWSS1VwoXQT9A3Wy9MM3WgvqSxFWenqJduM=
github.com/davecgh/go-spew v1.1.2-0.20180830191138-d8f796af33cc/go.mod h1:J7Y8YcW2NihsgmVo/mv3lAwl/skON4iLHjSsI+c5H38=
github.com/dgryski/go-metro v0.0.0-20250106013310-edb8663e5e33 h1:ucRHb6/lvW/+mTEIGbvhcYU3S8+uSNkuMjx/qZFfhtM=
github.com/dgryski/go-metro v0.0.0-20250106013310-edb8663e5e33/go.mod h1:c9O8+fpSOX1DM8cPNSkX/qsBWdkD4yd2dpciOWQjpBw=
github.com/foxboron/go-tpm-keyfiles v0.0.0-20251226215517-609e4778396f h1:RJ+BDPLSHQO7cSjKBqjPJSbi1qfk9WcsjQDtZiw3dZw=
github.com/foxboron/go-tpm-keyfiles v0.0.0-20251226215517-609e4778396f/go.mod h1:VHbbch/X4roIY22jL1s3qRbZhCiRIgUAF/PdSUcx2io=
github.com/fsnotify/fsnotify v1.9.0 h1:2Ml+OJNzbYCTzsxtv8vKSFD9PbJjmhYF14k/jKC7S9k=
github.com/fsnotify/fsnotify v1.9.0/go.mod h1:8jBTzvmWwFyi3Pb8djgCCO5IBqzKJ/Jwo8TRcHyHii0=
github.com/fxamacker/cbor/v2 v2.9.0 h1:NpKPmjDBgUfBms6tr6JZkTHtfFGcMKsw3eGcmD/sapM=
github.com/fxamacker/cbor/v2 v2.9.0/go.mod h1:vM4b+DJCtHn+zz7h3FFp/hDAI9WNWCsZj23V5ytsSxQ=
github.com/go-logr/logr v1.2.2/go.mod h1:jdQByPbusPIv2/zmleS9BjJVeZ6kBagPoEUsqbVz/1A=
github.com/go-logr/logr v1.4.3 h1:CjnDlHq8ikf6E492q6eKboGOC0T8CDaOvkHCIg8idEI=
github.com/go-logr/logr v1.4.3/go.mod h1:9T104GzyrTigFIr8wt5mBrctHMim0Nb2HLGrmQ40KvY=
github.com/go-logr/stdr v1.2.2 h1:hSWxHoqTgW2S2qGc0LTAI563KZ5YKYRhT3MFKZMbjag=
github.com/go-logr/stdr v1.2.2/go.mod h1:mMo/vtBO5dYbehREoey6XUKy/eSumjCCveDpRre4VKE=
github.com/go-viper/mapstructure/v2 v2.5.0 h1:vM5IJoUAy3d7zRSVtIwQgBj7BiWtMPfmPEgAXnvj1Ro=
github.com/go-viper/mapstructure/v2 v2.5.0/go.mod h1:oJDH3BJKyqBA2TXFhDsKDGDTlndYOZ6rGS0BRZIxGhM=
github.com/gobwas/glob v0.2.3 h1:A4xDbljILXROh+kObIiy5kIaPYD8e96x1tgBhUI5J+Y=
github.com/gobwas/glob v0.2.3/go.mod h1:d3Ez4x06l9bZtSvzIay5+Yzi0fmZzPgnTbPcKjJAkT8=
github.com/goccy/go-json v0.10.5 h1:Fq85nIqj+gXn/S5ahsiTlK3TmC85qgirsdTP/+DeaC4=
github.com/goccy/go-json v0.10.5/go.mod h1:oq7eo15ShAhp70Anwd5lgX2pLfOS3QCiwU/PULtXL6M=
github.com/golang/protobuf v1.5.4 h1:i7eJL8qZTpSEXOPTxNKhASYpMn+8e5Q6AdndVa1dWek=
github.com/golang/protobuf v1.5.4/go.mod h1:lnTiLA8Wa4RWRcIUkrtSVa5nRhsEGBg48fD6rSs7xps=
github.com/golang/snappy v1.0.0 h1:Oy607GVXHs7RtbggtPBnr2RmDArIsAefDwvrdWvRhGs=
github.com/golang/snappy v1.0.0/go.mod h1:/XxbfmMg8lxefKM7IXC3fBNl/7bRcc72aCRzEWrmP2Q=
github.com/google/flatbuffers v25.9.23+incompatible h1:rGZKv+wOb6QPzIdkM2KxhBZCDrA0DeN6DNmRDrqIsQU=
github.com/google/flatbuffers v25.9.23+incompatible/go.mod h1:1AeVuKshWv4vARoZatz6mlQ0JxURH0Kv5+zNeJKJCa8=
github.com/google/go-cmp v0.7.0 h1:wk8382ETsv4JYUZwIsn6YpYiWiBsYLSJiTsyBybVuN8=
github.com/google/go-cmp v0.7.0/go.mod h1:pXiqmnSA92OHEEa9HXL2W4E7lf9JzCmGVUdgjX3N/iU=
github.com/google/go-tpm v0.9.8 h1:slArAR9Ft+1ybZu0lBwpSmpwhRXaa85hWtMinMyRAWo=
github.com/google/go-tpm v0.9.8/go.mod h1:h9jEsEECg7gtLis0upRBQU+GhYVH6jMjrFxI8u6bVUY=
github.com/google/go-tpm-tools v0.4.7 h1:J3ycC8umYxM9A4eF73EofRZu4BxY0jjQnUnkhIBbvws=
github.com/google/go-tpm-tools v0.4.7/go.mod h1:gSyXTZHe3fgbzb6WEGd90QucmsnT1SRdlye82gH8QjQ=
github.com/google/gofuzz v1.0.0/go.mod h1:dBl0BpW6vV/+mYPU4Po3pmUjxk6FQPldtuIdl/M65Eg=
github.com/google/uuid v1.6.0 h1:NIvaJDMOsjHA8n1jAhLSgzrAzy1Hgr+hNrb57e+94F0=
github.com/google/uuid v1.6.0/go.mod h1:TIyPZe4MgqvfeYDBFedMoGGpEw/LqOeaOT+nhxU+yHo=
github.com/hashicorp/go-version v1.8.0 h1:KAkNb1HAiZd1ukkxDFGmokVZe1Xy9HG6NUp+bPle2i4=
github.com/hashicorp/go-version v1.8.0/go.mod h1:fltr4n8CU8Ke44wwGCBoEymUuxUHl09ZGVZPK5anwXA=
github.com/json-iterator/go v1.1.12 h1:PV8peI4a0ysnczrg+LtxykD8LfKY9ML6u2jnxaEnrnM=
github.com/json-iterator/go v1.1.12/go.mod h1:e30LSqwooZae/UwlEbR2852Gd8hjQvJoHmT4TnhNGBo=
github.com/kamstrup/intmap v0.5.2 h1:qnwBm1mh4XAnW9W9Ue9tZtTff8pS6+s6iKF6JRIV2Dk=
github.com/kamstrup/intmap v0.5.2/go.mod h1:gWUVWHKzWj8xpJVFf5GC0O26bWmv3GqdnIX/LMT6Aq4=
github.com/klauspost/asmfmt v1.3.2 h1:4Ri7ox3EwapiOjCki+hw14RyKk201CN4rzyCJRFLpK4=
github.com/klauspost/asmfmt v1.3.2/go.mod h1:AG8TuvYojzulgDAMCnYn50l/5QV3Bs/tp6j0HLHbNSE=
github.com/klauspost/compress v1.18.4 h1:RPhnKRAQ4Fh8zU2FY/6ZFDwTVTxgJ/EMydqSTzE9a2c=
github.com/klauspost/compress v1.18.4/go.mod h1:R0h/fSBs8DE4ENlcrlib3PsXS61voFxhIs2DeRhCvJ4=
github.com/klauspost/cpuid/v2 v2.3.0 h1:S4CRMLnYUhGeDFDqkGriYKdfoFlDnMtqTiI/sFzhA9Y=
github.com/klauspost/cpuid/v2 v2.3.0/go.mod h1:hqwkgyIinND0mEev00jJYCxPNVRVXFQeu1XKlok6oO0=
github.com/knadh/koanf/maps v0.1.2 h1:RBfmAW5CnZT+PJ1CVc1QSJKf4Xu9kxfQgYVQSu8hpbo=
github.com/knadh/koanf/maps v0.1.2/go.mod h1:npD/QZY3V6ghQDdcQzl1W4ICNVTkohC8E73eI2xW4yI=
github.com/knadh/koanf/providers/confmap v1.0.0 h1:mHKLJTE7iXEys6deO5p6olAiZdG5zwp8Aebir+/EaRE=
github.com/knadh/koanf/providers/confmap v1.0.0/go.mod h1:txHYHiI2hAtF0/0sCmcuol4IDcuQbKTybiB1nOcUo1A=
github.com/knadh/koanf/v2 v2.3.2 h1:Ee6tuzQYFwcZXQpc2MiVeC6qHMandf5SMUJJNoFp/c4=
github.com/knadh/koanf/v2 v2.3.2/go.mod h1:gRb40VRAbd4iJMYYD5IxZ6hfuopFcXBpc9bbQpZwo28=
github.com/kr/pretty v0.3.1 h1:flRD4NNwYAUpkphVc1HcthR4KEIFJ65n8Mw5qdRn3LE=
github.com/kr/pretty v0.3.1/go.mod h1:hoEshYVHaxMs3cyo3Yncou5ZscifuDolrwPKZanG3xk=
github.com/kr/text v0.2.0 h1:5Nx0Ya0ZqY2ygV366QzturHI13Jq95ApcVaJBhpS+AY=
github.com/kr/text v0.2.0/go.mod h1:eLer722TekiGuMkidMxC/pM04lWEeraHUUmBw8l2grE=
github.com/minio/asm2plan9s v0.0.0-20200509001527-cdd76441f9d8 h1:AMFGa4R4MiIpspGNG7Z948v4n35fFGB3RR3G/ry4FWs=
github.com/minio/asm2plan9s v0.0.0-20200509001527-cdd76441f9d8/go.mod h1:mC1jAcsrzbxHt8iiaC+zU4b1ylILSosueou12R++wfY=
github.com/minio/c2goasm v0.0.0-20190812172519-36a3d3bbc4f3 h1:+n/aFZefKZp7spd8DFdX7uMikMLXX4oubIzJF4kv/wI=
github.com/minio/c2goasm v0.0.0-20190812172519-36a3d3bbc4f3/go.mod h1:RagcQ7I8IeTMnF8JTXieKnO4Z6JCsikNEzj0DwauVzE=
github.com/mitchellh/copystructure v1.2.0 h1:vpKXTN4ewci03Vljg/q9QvCGUDttBOGBIa15WveJJGw=
github.com/mitchellh/copystructure v1.2.0/go.mod h1:qLl+cE2AmVv+CoeAwDPye/v+N2HKCj9FbZEVFJRxO9s=
github.com/mitchellh/reflectwalk v1.0.2 h1:G2LzWKi524PWgd3mLHV8Y5k7s6XUvT0Gef6zxSIeXaQ=
github.com/mitchellh/reflectwalk v1.0.2/go.mod h1:mSTlrgnPZtwu0c4WaC2kGObEpuNDbx0jmZXqmk4esnw=
github.com/modern-go/concurrent v0.0.0-20180228061459-e0a39a4cb421/go.mod h1:6dJC0mAP4ikYIbvyc7fijjWJddQyLn8Ig3JB5CqoB9Q=
github.com/modern-go/concurrent v0.0.0-20180306012644-bacd9c7ef1dd h1:TRLaZ9cD/w8PVh93nsPXa1VrQ6jlwL5oN8l14QlcNfg=
github.com/modern-go/concurrent v0.0.0-20180306012644-bacd9c7ef1dd/go.mod h1:6dJC0mAP4ikYIbvyc7fijjWJddQyLn8Ig3JB5CqoB9Q=
github.com/modern-go/reflect2 v1.0.2/go.mod h1:yWuevngMOJpCy52FWWMvUC8ws7m/LJsjYzDa0/r8luk=
github.com/modern-go/reflect2 v1.0.3-0.20250322232337-35a7c28c31ee h1:W5t00kpgFdJifH4BDsTlE89Zl93FEloxaWZfGcifgq8=
github.com/modern-go/reflect2 v1.0.3-0.20250322232337-35a7c28c31ee/go.mod h1:yWuevngMOJpCy52FWWMvUC8ws7m/LJsjYzDa0/r8luk=
github.com/mostynb/go-grpc-compression v1.2.3 h1:42/BKWMy0KEJGSdWvzqIyOZ95YcR9mLPqKctH7Uo//I=
github.com/mostynb/go-grpc-compression v1.2.3/go.mod h1:AghIxF3P57umzqM9yz795+y1Vjs47Km/Y2FE6ouQ7Lg=
github.com/open-telemetry/otel-arrow/go v0.46.0 h1:J34xMBfkJqzl8r0u9GnMJUtPd/pLy65OA6sZxGZy1Ug=
github.com/open-telemetry/otel-arrow/go v0.46.0/go.mod h1:N+UPu9aKbbooffR4QZqo+xNMaOxcaMN5u2W/boGEYYI=
github.com/pierrec/lz4/v4 v4.1.22 h1:cKFw6uJDK+/gfw5BcDL0JL5aBsAFdsIT18eRtLj7VIU=
github.com/pierrec/lz4/v4 v4.1.22/go.mod h1:gZWDp/Ze/IJXGXf23ltt2EXimqmTUXEy0GFuRQyBid4=
github.com/pmezard/go-difflib v1.0.0/go.mod h1:iKH77koFhYxTK1pcRnkKkqfTogsbg7gZNVY4sRDYZ/4=
github.com/pmezard/go-difflib v1.0.1-0.20181226105442-5d4384ee4fb2 h1:Jamvg5psRIccs7FGNTlIRMkT8wgtp5eCXdBlqhYGL6U=
github.com/pmezard/go-difflib v1.0.1-0.20181226105442-5d4384ee4fb2/go.mod h1:iKH77koFhYxTK1pcRnkKkqfTogsbg7gZNVY4sRDYZ/4=
github.com/rogpeppe/go-internal v1.14.1 h1:UQB4HGPB6osV0SQTLymcB4TgvyWu6ZyliaW0tI/otEQ=
github.com/rogpeppe/go-internal v1.14.1/go.mod h1:MaRKkUm5W0goXpeCfT7UZI6fk/L7L7so1lCWt35ZSgc=
github.com/stretchr/objx v0.1.0/go.mod h1:HFkY916IF+rwdDfMAkV7OtwuqBVzrE8GR6GFx+wExME=
github.com/stretchr/testify v1.3.0/go.mod h1:M5WIy9Dh21IEIfnGCwXGc5bZfKNJtfHm1UVUgZn+9EI=
github.com/stretchr/testify v1.11.1 h1:7s2iGBzp5EwR7/aIZr8ao5+dra3wiQyKjjFuvgVKu7U=
github.com/stretchr/testify v1.11.1/go.mod h1:wZwfW3scLgRK+23gO65QZefKpKQRnfz6sD981Nm4B6U=
github.com/x448/float16 v0.8.4 h1:qLwI1I70+NjRFUR3zs1JPUCgaCXSh3SW62uAKT1mSBM=
github.com/x448/float16 v0.8.4/go.mod h1:14CWIYCyZA/cWjXOioeEpHeN/83MdbZDRQHoFcYsOfg=
github.com/zeebo/assert v1.3.1 h1:vukIABvugfNMZMQO1ABsyQDJDTVQbn+LWSMy1ol1h6A=
github.com/zeebo/assert v1.3.1/go.mod h1:Pq9JiuJQpG8JLJdtkwrJESF0Foym2/D9XMU5ciN/wJ0=
github.com/zeebo/xxh3 v1.0.2 h1:xZmwmqxHZA8AI603jOQ0tMqmBr9lPeFwGg6d+xy9DC0=
github.com/zeebo/xxh3 v1.0.2/go.mod h1:5NWz9Sef7zIDm2JHfFlcQvNekmcEl9ekUZQQKCYaDcA=
go.opentelemetry.io/auto/sdk v1.2.1 h1:jXsnJ4Lmnqd11kwkBV2LgLoFMZKizbCi5fNZ/ipaZ64=
go.opentelemetry.io/auto/sdk v1.2.1/go.mod h1:KRTj+aOaElaLi+wW1kO/DZRXwkF4C5xPbEe3ZiIhN7Y=
go.opentelemetry.io/collector/client v1.51.1-0.20260205185216-81bc641f26c0 h1:jECetHgVCJ4yKeE0D/hLrrYtmIQsSPybrMguQeBbgnU=
go.opentelemetry.io/collector/client v1.51.1-0.20260205185216-81bc641f26c0/go.mod h1:lx+VIlIm1/qaUeWs4ozeV/Q9y9rJQGwQo+dnk+We5TQ=
go.opentelemetry.io/collector/component v1.51.1-0.20260205185216-81bc641f26c0 h1:ZSlXxE90IY0Cl53RTqzyEgRgRPLTeTNBdGhaTmvj9eY=
go.opentelemetry.io/collector/component v1.51.1-0.20260205185216-81bc641f26c0/go.mod h1:944C7vEIdk13Pn1fBbyaU8C1qKf2XC0jRBlc69NAsRY=
go.opentelemetry.io/collector/component/componentstatus v0.145.1-0.20260205185216-81bc641f26c0 h1:Q9romMhg8wTY277Rz9sgiPXABJrEt+/8ixB3T3z/nls=
go.opentelemetry.io/collector/component/componentstatus v0.145.1-0.20260205185216-81bc641f26c0/go.mod h1:g6Z0BSKtSKNRMpaSh8WWYiCEwy0+l1xSAZ9/5MhvbnA=
go.opentelemetry.io/collector/component/componenttest v0.145.1-0.20260205185216-81bc641f26c0 h1:+VCK6wX/WN170dcaWJweRAkxpmAEyVucfrUV13NwUlY=
go.opentelemetry.io/collector/component/componenttest v0.145.1-0.20260205185216-81bc641f26c0/go.mod h1:U2wUjKMGwgqM49/q8ORkzzYzSWY2m6zpG/e606eK1wc=
go.opentelemetry.io/collector/config/configauth v1.51.1-0.20260205185216-81bc641f26c0 h1:TYMgEEpf0CiJVMrcq/UjwkAtSEvMGcXCGDYo0wjsZ4E=
go.opentelemetry.io/collector/config/configauth v1.51.1-0.20260205185216-81bc641f26c0/go.mod h1:kBAzqwQ+2shdcImYr6yC0pb9p/cE8SWtzaNXGAi2AG4=
go.opentelemetry.io/collector/config/configcompression v1.51.1-0.20260205185216-81bc641f26c0 h1:Hc/Jf5MkO2rY+5bKKQNHDDVMT/Ku55hTgG9ErPM9xJE=
go.opentelemetry.io/collector/config/configcompression v1.51.1-0.20260205185216-81bc641f26c0/go.mod h1:ZlnKaXFYL3HVMUNWVAo/YOLYoxNZo7h8SrQp3l7GV00=
go.opentelemetry.io/collector/config/configgrpc v0.145.1-0.20260205185216-81bc641f26c0 h1:EHkyLIebsAuFdsDVaAVWM7j3L/XN4MQk2APB3KSmLIg=
go.opentelemetry.io/collector/config/configgrpc v0.145.1-0.20260205185216-81bc641f26c0/go.mod h1:67EeOCL+uhPqqBREBooefmgQ08qg+XE9Q9ROHuvRZW8=
go.opentelemetry.io/collector/config/configmiddleware v1.51.1-0.20260205185216-81bc641f26c0 h1:XkGox1VxlkDGA/eiX/vPYWn0ABluD8dnhzBhlhZf4Os=
go.opentelemetry.io/collector/config/configmiddleware v1.51.1-0.20260205185216-81bc641f26c0/go.mod h1:odcP/8kmV2g6pIHTbTF+3kaf/X0+Ja/BgOQ55+1Yyx0=
go.opentelemetry.io/collector/config/confignet v1.51.1-0.20260205185216-81bc641f26c0 h1:XEUDPM4xcLlGwMNTNa78H6iWE3g+5uFhD7eW8SX81l0=
go.opentelemetry.io/collector/config/confignet v1.51.1-0.20260205185216-81bc641f26c0/go.mod h1:4jJWdoe1MmpqxMzxrIILcS5FK2JPocXYZGUvv5ZQVKE=
go.opentelemetry.io/collector/config/configopaque v1.51.1-0.20260205185216-81bc641f26c0 h1:3d0XUNS0irBKF1YeDn68eUTktZg/LGGoola7tMcI4j4=
go.opentelemetry.io/collector/config/configopaque v1.51.1-0.20260205185216-81bc641f26c0/go.mod h1:w77VAty/J8dxrSyq0ObbvQxh+xh0tVg+SQqFQ7SQRzM=
go.opentelemetry.io/collector/config/configoptional v1.51.1-0.20260205185216-81bc641f26c0 h1:H8Xm3eL6VYish2tsX9jcyumdUe8lsDUKXfqS/pPEJCc=
go.opentelemetry.io/collector/config/configoptional v1.51.1-0.20260205185216-81bc641f26c0/go.mod h1:nBG71pzrklmiPIp1XPQiO3RzlbLIolUlFrW30q1UXzM=
go.opentelemetry.io/collector/config/configretry v1.51.1-0.20260205185216-81bc641f26c0 h1:wyCMi2AaHiSk5SWuh+3IlzvcignUffAXJr0wJaHPC44=
go.opentelemetry.io/collector/config/configretry v1.51.1-0.20260205185216-81bc641f26c0/go.mod h1:ZSTYqAJCq4qf+/4DGoIxCElDIl5yHt8XxEbcnpWBbMM=
go.opentelemetry.io/collector/config/configtelemetry v0.145.1-0.20260205185216-81bc641f26c0 h1:OaA1yIyWRYVK2Ufg0rvpoMMn+6Xsq35O2iP4ev06VgU=
go.opentelemetry.io/collector/config/configtelemetry v0.145.1-0.20260205185216-81bc641f26c0/go.mod h1:Xjw2+DpNLjYtx596EHSWBy0dNQRiJ2H+BlWU907lO40=
go.opentelemetry.io/collector/config/configtls v1.51.1-0.20260205185216-81bc641f26c0 h1:P87XvtvukSrNvaekRXgeaNQZ8SDgdhwPBq7XCiSkDSU=
go.opentelemetry.io/collector/config/configtls v1.51.1-0.20260205185216-81bc641f26c0/go.mod h1:d2yeGb0Bt0WA9cL9SpC1nfhu5Qfiz+PhtQoecs+Kong=
go.opentelemetry.io/collector/confmap v1.51.1-0.20260205185216-81bc641f26c0 h1:SA1GIDv0iBsFMDVNevnHhTIPGANJG1Sl8lt5UtA8Og8=
go.opentelemetry.io/collector/confmap v1.51.1-0.20260205185216-81bc641f26c0/go.mod h1:uWi4b9lHfvEC2poJ2I2vXwGUREVEQTcdUguOpfqdcHM=
go.opentelemetry.io/collector/confmap/xconfmap v0.145.1-0.20260205185216-81bc641f26c0 h1:n4zEawU5+yYzxadhQXgB5ovalj23B00QQknydqtBHK8=
go.opentelemetry.io/collector/confmap/xconfmap v0.145.1-0.20260205185216-81bc641f26c0/go.mod h1:zTSK+c76NAy/tI1R3xfZjdoI04D9EYDnzAHQQwl6AmA=
go.opentelemetry.io/collector/consumer v1.51.1-0.20260205185216-81bc641f26c0 h1:WNkJ1bKnRVAEJtBm1bwEkoLG2x7GyANc3/OnErZJ338=
go.opentelemetry.io/collector/consumer v1.51.1-0.20260205185216-81bc641f26c0/go.mod h1:Erk6qdfVj+24QTrGCpurcrF+qdUlHkb4dgMy5wJxLvY=
go.opentelemetry.io/collector/consumer/consumererror v0.145.1-0.20260205185216-81bc641f26c0 h1:ekpPrWvyeJZVXqEjUGyFNv8vojENwU3O2uAl08sboOw=
go.opentelemetry.io/collector/consumer/consumererror v0.145.1-0.20260205185216-81bc641f26c0/go.mod h1:ivpHl1CQ4xlub5NnyIOLXVwsE4p9YSR3h+47g5yiha4=
go.opentelemetry.io/collector/consumer/consumertest v0.145.1-0.20260205185216-81bc641f26c0 h1:FHyDIlTbqt0Y6tDI9EbI3hr9uWthwkeLY7uGF1jZYqQ=
go.opentelemetry.io/collector/consumer/consumertest v0.145.1-0.20260205185216-81bc641f26c0/go.mod h1:IFc/FeaIHQClb8KK0aVn0tFDNMc+/MmfQ+aBT1cJNeo=
go.opentelemetry.io/collector/consumer/xconsumer v0.145.1-0.20260205185216-81bc641f26c0 h1:zg2Jqfy7n7o/LEmLsXB4sFhxWtOEMFCKRyQUFLFUS9M=
go.opentelemetry.io/collector/consumer/xconsumer v0.145.1-0.20260205185216-81bc641f26c0/go.mod h1:SryDCLP2ZaFeZJtA2CSksJ0XvjH8k3LmlfXvy/kC7Wc=
go.opentelemetry.io/collector/exporter v1.51.1-0.20260205185216-81bc641f26c0 h1:wuAZSYYDWP4LgGfRdomTu6omqsWHDFiggHkEBB7FMLE=
go.opentelemetry.io/collector/exporter v1.51.1-0.20260205185216-81bc641f26c0/go.mod h1:yLWxGyaULzT67nt2CVJQeooXTC4J8ZbuePX3OQrSwJE=
go.opentelemetry.io/collector/exporter/exporterhelper v0.145.1-0.20260205185216-81bc641f26c0 h1:D37NGrXNmS3nrGsYZuJZAHPJWHu/nXNZALKG6QN3LDg=
go.opentelemetry.io/collector/exporter/exporterhelper v0.145.1-0.20260205185216-81bc641f26c0/go.mod h1:ZD4NFogrLmgmx0Cv9P2d8Rs5bWjoTkcr0lvh0mnWaWg=
go.opentelemetry.io/collector/extension v1.51.1-0.20260205185216-81bc641f26c0 h1:hvWxc9VphtLvN9fq6jo6cqGbe0GHjQXcmk4v9aoIOkk=
go.opentelemetry.io/collector/extension v1.51.1-0.20260205185216-81bc641f26c0/go.mod h1:HhWj0W7/yoXQvkcJ/Pu+SyCZRNAFmnw7a/nu6FFfZWM=
go.opentelemetry.io/collector/extension/extensionauth v1.51.1-0.20260205185216-81bc641f26c0 h1:MidMTrgSJ5OAol+GjC6rQ/j0UkG2KQEZTwQQ6OQbre0=
go.opentelemetry.io/collector/extension/extensionauth v1.51.1-0.20260205185216-81bc641f26c0/go.mod h1:alIyB3zBUOvIEn/DaAdLMFWtz9Zw4UYt1iHO0lMy5XU=
go.opentelemetry.io/collector/extension/extensionauth/extensionauthtest v0.145.0 h1:irVSyUVTp71InKizZhoTe0oDoj4vAvVsYonybfRVfQc=
go.opentelemetry.io/collector/extension/extensionauth/extensionauthtest v0.145.0/go.mod h1:1jshMRyK6EvdJxlCf2aCiRHVlVJPdNM40isETkx3jX4=
go.opentelemetry.io/collector/extension/extensionmiddleware v0.145.1-0.20260205185216-81bc641f26c0 h1:CQbw+aAmhSwFsBEHjErpmLZTtH8vTfmcQdxRkFCapSM=
go.opentelemetry.io/collector/extension/extensionmiddleware v0.145.1-0.20260205185216-81bc641f26c0/go.mod h1:CyKahcem/CnsjFSpWXOCWk0OaB7fraO+bSHar3uAsDY=
go.opentelemetry.io/collector/extension/extensionmiddleware/extensionmiddlewaretest v0.145.0 h1:Cir87cjIiRjtMxiF833tTxVuZvD3diXyBpsNlouiLB8=
go.opentelemetry.io/collector/extension/extensionmiddleware/extensionmiddlewaretest v0.145.0/go.mod h1:xqCp8tnkBYhjuL8WYEaC721cAFWJjPz8yaIIQ8+j5os=
go.opentelemetry.io/collector/extension/xextension v0.145.1-0.20260205185216-81bc641f26c0 h1:ZVeXW/xYGtfMDEFSR/8aj57G/SOT1iwGaheclvw5Nvg=
go.opentelemetry.io/collector/extension/xextension v0.145.1-0.20260205185216-81bc641f26c0/go.mod h1:LxQlh602jmEBrM+PMc91hDCyGLLm2O4C878feUNpGPE=
go.opentelemetry.io/collector/featuregate v1.51.1-0.20260205185216-81bc641f26c0 h1:fOXhfT2xKqNhfalTXaT/Wic9EBRK8+9ZH0y8phReQS4=
go.opentelemetry.io/collector/featuregate v1.51.1-0.20260205185216-81bc641f26c0/go.mod h1:/1bclXgP91pISaEeNulRxzzmzMTm4I5Xih2SnI4HRSo=
go.opentelemetry.io/collector/internal/componentalias v0.145.1-0.20260205185216-81bc641f26c0 h1:s4/vCxeIxgQpuWmX1AK1DRbZmEdmNBq925EKES8ebiI=
go.opentelemetry.io/collector/internal/componentalias v0.145.1-0.20260205185216-81bc641f26c0/go.mod h1:Z0TtMbzaMp2qhj1dw4toya8toyQzqoTF46/WhJXplVw=
go.opentelemetry.io/collector/internal/testutil v0.145.0 h1:H/KL0GH3kGqSMKxZvnQ0B0CulfO9xdTg4DZf28uV7fY=
go.opentelemetry.io/collector/internal/testutil v0.145.0/go.mod h1:YAD9EAkwh/l5asZNbEBEUCqEjoL1OKMjAMoPjPqH76c=
go.opentelemetry.io/collector/pdata v1.51.1-0.20260205185216-81bc641f26c0 h1:8tgf9W3aW3vFabyVxPNHKsaoyUytudfVOQbqZI9xBHQ=
go.opentelemetry.io/collector/pdata v1.51.1-0.20260205185216-81bc641f26c0/go.mod h1:GoX1bjKDR++mgFKdT7Hynv9+mdgQ1DDXbjs7/Ww209Q=
go.opentelemetry.io/collector/pdata/pprofile v0.145.1-0.20260205185216-81bc641f26c0 h1:MJcnK8txYZlqHZyfZ1rVf66kt5/kEveIdR6KX//BY1Y=
go.opentelemetry.io/collector/pdata/pprofile v0.145.1-0.20260205185216-81bc641f26c0/go.mod h1:a60GC7wQPhLAixWzKbbP51QLwwc+J0Cmp4SurOlhGUk=
go.opentelemetry.io/collector/pdata/testdata v0.145.1-0.20260205185216-81bc641f26c0 h1:XIeRjIuvVzaN+1ecEy5W+6p3jelpbdNneKZQ5/rIaEk=
go.opentelemetry.io/collector/pdata/testdata v0.145.1-0.20260205185216-81bc641f26c0/go.mod h1:0y2ERArdzqmYdJHdKLKue+AUubSEGlwK49F+23+Mbic=
go.opentelemetry.io/collector/pdata/xpdata v0.145.1-0.20260205185216-81bc641f26c0 h1:UAOSc9imFpPgufF0apyM7swmH8j+/MskiOmcFVMv2p4=
go.opentelemetry.io/collector/pdata/xpdata v0.145.1-0.20260205185216-81bc641f26c0/go.mod h1:P4soIQmUeWcBSjC9rcm2zNLrxMrGLHmvDnr0sdYdrxc=
go.opentelemetry.io/collector/pipeline v1.51.1-0.20260205185216-81bc641f26c0 h1:1KP5gXGF9qN1mEzJupZDUQVIND35qe/0Hy6Cptvdk0s=
go.opentelemetry.io/collector/pipeline v1.51.1-0.20260205185216-81bc641f26c0/go.mod h1:xUrAqiebzYbrgxyoXSkk6/Y3oi5Sy3im2iCA51LwUAI=
go.opentelemetry.io/collector/pipeline/xpipeline v0.145.1-0.20260205185216-81bc641f26c0 h1:3PZdfj6YrZMVtBgvDICOOl33bGBgWg0Pe9Ox/UgD5gY=
go.opentelemetry.io/collector/pipeline/xpipeline v0.145.1-0.20260205185216-81bc641f26c0/go.mod h1:VORSWwyc+uGSh25UWfGLJQfvVrwgVw4epDuds9yIBqE=
go.opentelemetry.io/collector/receiver v1.51.1-0.20260205185216-81bc641f26c0 h1:vauUPQna+na4MHY33TYjByeDynWr4O0kuLrldOD8fxg=
go.opentelemetry.io/collector/receiver v1.51.1-0.20260205185216-81bc641f26c0/go.mod h1:2p9TjEYIMiILdNwi6DXkYp9+1OdQ/W7TScs2CPg2ZWo=
go.opentelemetry.io/collector/receiver/receiverhelper v0.145.1-0.20260205185216-81bc641f26c0 h1:xqK5r/NPOVQTOoQpTZB6ZpeIV7sSmIolMLOVdTzdwcA=
go.opentelemetry.io/collector/receiver/receiverhelper v0.145.1-0.20260205185216-81bc641f26c0/go.mod h1:ilRE8xBx5XwfOCD7HpMHC+AOHdWwpyuZK8BEAcXo+XA=
go.opentelemetry.io/collector/receiver/receivertest v0.145.1-0.20260205185216-81bc641f26c0 h1:b2rUzfXb23XgCYORiIakW40vSs4jbLKZYUAkXhmhMoU=
go.opentelemetry.io/collector/receiver/receivertest v0.145.1-0.20260205185216-81bc641f26c0/go.mod h1:mo+Fm0EgXH7oJFYagwoiyC2iZpve6DVkRveP1elrL34=
go.opentelemetry.io/collector/receiver/xreceiver v0.145.1-0.20260205185216-81bc641f26c0 h1:ke0mdc4bHvjiQNUX16Tb79vaoyZUeViVrlvmusyqBqI=
go.opentelemetry.io/collector/receiver/xreceiver v0.145.1-0.20260205185216-81bc641f26c0/go.mod h1:l4VCHaNX/orBg2I862u+ZYrKOvn8t4/zv7YPHak346g=
go.opentelemetry.io/contrib/instrumentation/google.golang.org/grpc/otelgrpc v0.63.0 h1:YH4g8lQroajqUwWbq/tr2QX1JFmEXaDLgG+ew9bLMWo=
go.opentelemetry.io/contrib/instrumentation/google.golang.org/grpc/otelgrpc v0.63.0/go.mod h1:fvPi2qXDqFs8M4B4fmJhE92TyQs9Ydjlg3RvfUp+NbQ=
go.opentelemetry.io/otel v1.40.0 h1:oA5YeOcpRTXq6NN7frwmwFR0Cn3RhTVZvXsP4duvCms=
go.opentelemetry.io/otel v1.40.0/go.mod h1:IMb+uXZUKkMXdPddhwAHm6UfOwJyh4ct1ybIlV14J0g=
go.opentelemetry.io/otel/metric v1.40.0 h1:rcZe317KPftE2rstWIBitCdVp89A2HqjkxR3c11+p9g=
go.opentelemetry.io/otel/metric v1.40.0/go.mod h1:ib/crwQH7N3r5kfiBZQbwrTge743UDc7DTFVZrrXnqc=
go.opentelemetry.io/otel/sdk v1.40.0 h1:KHW/jUzgo6wsPh9At46+h4upjtccTmuZCFAc9OJ71f8=
go.opentelemetry.io/otel/sdk v1.40.0/go.mod h1:Ph7EFdYvxq72Y8Li9q8KebuYUr2KoeyHx0DRMKrYBUE=
go.opentelemetry.io/otel/sdk/metric v1.40.0 h1:mtmdVqgQkeRxHgRv4qhyJduP3fYJRMX4AtAlbuWdCYw=
go.opentelemetry.io/otel/sdk/metric v1.40.0/go.mod h1:4Z2bGMf0KSK3uRjlczMOeMhKU2rhUqdWNoKcYrtcBPg=
go.opentelemetry.io/otel/trace v1.40.0 h1:WA4etStDttCSYuhwvEa8OP8I5EWu24lkOzp+ZYblVjw=
go.opentelemetry.io/otel/trace v1.40.0/go.mod h1:zeAhriXecNGP/s2SEG3+Y8X9ujcJOTqQ5RgdEJcawiA=
go.opentelemetry.io/proto/slim/otlp v1.9.0 h1:fPVMv8tP3TrsqlkH1HWYUpbCY9cAIemx184VGkS6vlE=
go.opentelemetry.io/proto/slim/otlp v1.9.0/go.mod h1:xXdeJJ90Gqyll+orzUkY4bOd2HECo5JofeoLpymVqdI=
go.opentelemetry.io/proto/slim/otlp/collector/profiles/v1development v0.2.0 h1:o13nadWDNkH/quoDomDUClnQBpdQQ2Qqv0lQBjIXjE8=
go.opentelemetry.io/proto/slim/otlp/collector/profiles/v1development v0.2.0/go.mod h1:Gyb6Xe7FTi/6xBHwMmngGoHqL0w29Y4eW8TGFzpefGA=
go.opentelemetry.io/proto/slim/otlp/profiles/v1development v0.2.0 h1:EiUYvtwu6PMrMHVjcPfnsG3v+ajPkbUeH+IL93+QYyk=
go.opentelemetry.io/proto/slim/otlp/profiles/v1development v0.2.0/go.mod h1:mUUHKFiN2SST3AhJ8XhJxEoeVW12oqfXog0Bo8W3Ec4=
go.uber.org/goleak v1.3.0 h1:2K3zAYmnTNqV73imy9J1T3WC+gmCePx2hEGkimedGto=
go.uber.org/goleak v1.3.0/go.mod h1:CoHD4mav9JJNrW/WLlf7HGZPjdw8EucARQHekz1X6bE=
go.uber.org/mock v0.6.0 h1:hyF9dfmbgIX5EfOdasqLsWD6xqpNZlXblLB/Dbnwv3Y=
go.uber.org/mock v0.6.0/go.mod h1:KiVJ4BqZJaMj4svdfmHM0AUx4NJYO8ZNpPnZn1Z+BBU=
go.uber.org/multierr v1.11.0 h1:blXXJkSxSSfBVBlC76pxqeO+LN3aDfLQo+309xJstO0=
go.uber.org/multierr v1.11.0/go.mod h1:20+QtiLqy0Nd6FdQB9TLXag12DsQkrbs3htMFfDN80Y=
go.uber.org/zap v1.27.1 h1:08RqriUEv8+ArZRYSTXy1LeBScaMpVSTBhCeaZYfMYc=
go.uber.org/zap v1.27.1/go.mod h1:GB2qFLM7cTU87MWRP2mPIjqfIDnGu+VIO4V/SdhGo2E=
go.yaml.in/yaml/v3 v3.0.4 h1:tfq32ie2Jv2UxXFdLJdh3jXuOzWiL1fo0bu/FbuKpbc=
go.yaml.in/yaml/v3 v3.0.4/go.mod h1:DhzuOOF2ATzADvBadXxruRBLzYTpT36CKvDb3+aBEFg=
golang.org/x/crypto v0.48.0 h1:/VRzVqiRSggnhY7gNRxPauEQ5Drw9haKdM0jqfcCFts=
golang.org/x/crypto v0.48.0/go.mod h1:r0kV5h3qnFPlQnBSrULhlsRfryS2pmewsg+XfMgkVos=
golang.org/x/exp v0.0.0-20251219203646-944ab1f22d93 h1:fQsdNF2N+/YewlRZiricy4P1iimyPKZ/xwniHj8Q2a0=
golang.org/x/exp v0.0.0-20251219203646-944ab1f22d93/go.mod h1:EPRbTFwzwjXj9NpYyyrvenVh9Y+GFeEvMNh7Xuz7xgU=
golang.org/x/mod v0.32.0 h1:9F4d3PHLljb6x//jOyokMv3eX+YDeepZSEo3mFJy93c=
golang.org/x/mod v0.32.0/go.mod h1:SgipZ/3h2Ci89DlEtEXWUk/HteuRin+HHhN+WbNhguU=
golang.org/x/net v0.50.0 h1:ucWh9eiCGyDR3vtzso0WMQinm2Dnt8cFMuQa9K33J60=
golang.org/x/net v0.50.0/go.mod h1:UgoSli3F/pBgdJBHCTc+tp3gmrU4XswgGRgtnwWTfyM=
golang.org/x/sync v0.19.0 h1:vV+1eWNmZ5geRlYjzm2adRgW2/mcpevXNg50YZtPCE4=
golang.org/x/sync v0.19.0/go.mod h1:9KTHXmSnoGruLpwFjVSX0lNNA75CykiMECbovNTZqGI=
golang.org/x/sys v0.41.0 h1:Ivj+2Cp/ylzLiEU89QhWblYnOE9zerudt9Ftecq2C6k=
golang.org/x/sys v0.41.0/go.mod h1:OgkHotnGiDImocRcuBABYBEXf8A9a87e/uXjp9XT3ks=
golang.org/x/telemetry v0.0.0-20260109210033-bd525da824e2 h1:O1cMQHRfwNpDfDJerqRoE2oD+AFlyid87D40L/OkkJo=
golang.org/x/telemetry v0.0.0-20260109210033-bd525da824e2/go.mod h1:b7fPSJ0pKZ3ccUh8gnTONJxhn3c/PS6tyzQvyqw4iA8=
golang.org/x/text v0.34.0 h1:oL/Qq0Kdaqxa1KbNeMKwQq0reLCCaFtqu2eNuSeNHbk=
golang.org/x/text v0.34.0/go.mod h1:homfLqTYRFyVYemLBFl5GgL/DWEiH5wcsQ5gSh1yziA=
golang.org/x/tools v0.41.0 h1:a9b8iMweWG+S0OBnlU36rzLp20z1Rp10w+IY2czHTQc=
golang.org/x/tools v0.41.0/go.mod h1:XSY6eDqxVNiYgezAVqqCeihT4j1U2CCsqvH3WhQpnlg=
golang.org/x/xerrors v0.0.0-20240903120638-7835f813f4da h1:noIWHXmPHxILtqtCOPIhSt0ABwskkZKjD3bXGnZGpNY=
golang.org/x/xerrors v0.0.0-20240903120638-7835f813f4da/go.mod h1:NDW/Ps6MPRej6fsCIbMTohpP40sJ/P/vI1MoTEGwX90=
gonum.org/v1/gonum v0.16.0 h1:5+ul4Swaf3ESvrOnidPp4GZbzf0mxVQpDCYUQE7OJfk=
gonum.org/v1/gonum v0.16.0/go.mod h1:fef3am4MQ93R2HHpKnLk4/Tbh/s0+wqD5nfa6Pnwy4E=
google.golang.org/genproto/googleapis/rpc v0.0.0-20251222181119-0a764e51fe1b h1:Mv8VFug0MP9e5vUxfBcE3vUkV6CImK3cMNMIDFjmzxU=
google.golang.org/genproto/googleapis/rpc v0.0.0-20251222181119-0a764e51fe1b/go.mod h1:j9x/tPzZkyxcgEFkiKEEGxfvyumM01BEtsW8xzOahRQ=
google.golang.org/grpc v1.78.0 h1:K1XZG/yGDJnzMdd/uZHAkVqJE+xIDOcmdSFZkBUicNc=
google.golang.org/grpc v1.78.0/go.mod h1:I47qjTo4OKbMkjA/aOOwxDIiPSBofUtQUI5EfpWvW7U=
google.golang.org/protobuf v1.36.11 h1:fV6ZwhNocDyBLK0dj+fg8ektcVegBBuEolpbTQyBNVE=
google.golang.org/protobuf v1.36.11/go.mod h1:HTf+CrKn2C3g5S8VImy6tdcUvCska2kB7j23XfzDpco=
gopkg.in/check.v1 v0.0.0-20161208181325-20d25e280405/go.mod h1:Co6ibVJAznAaIkqp8huTwlJQCZ016jof/cbN4VW5Yz0=
gopkg.in/check.v1 v1.0.0-20201130134442-10cb98267c6c h1:Hei/4ADfdWqJk1ZMxUNpqntNwaWcugrBjAiHlqqRiVk=
gopkg.in/check.v1 v1.0.0-20201130134442-10cb98267c6c/go.mod h1:JHkPIbrfpd72SG/EVd6muEfDQjcINNoR0C8j2r3qZ4Q=
gopkg.in/yaml.v3 v3.0.1 h1:fxVm/GzAzEWqLHuvctI91KS9hhNmmWOoWu0XTYJS7CA=
gopkg.in/yaml.v3 v3.0.1/go.mod h1:K4uyk7z7BCEPqu6E+C64Yfv1cQ7kz7rIZviUmN+EgEM=
